<?xml version="1.0" encoding="UTF-8"?>
<!DOCTYPE plist PUBLIC "-//Apple//DTD PLIST 1.0//EN" "http://www.apple.com/DTDs/PropertyList-1.0.dtd">
<plist version="1.0">
<dict>
	<key>archiveVersion</key>
	<string>1</string>
	<key>classes</key>
	<dict/>
	<key>objectVersion</key>
	<string>46</string>
	<key>objects</key>
	<dict>
		<key>09EB87C7BA5D8A556339C8D3</key>
		<dict>
			<key>children</key>
			<array>
				<string>85A9CBC49B63FEB31F1448F5</string>
				<string>2926F8C4CE2E738802DA8060</string>
				<string>F438121ACBFC9888194F99FE</string>
				<string>EAB987CD32B1D53A7F4A3B72</string>
			</array>
			<key>isa</key>
			<string>PBXGroup</string>
			<key>name</key>
			<string>Pods</string>
			<key>sourceTree</key>
			<string>&lt;group&gt;</string>
		</dict>
		<key>2926F8C4CE2E738802DA8060</key>
		<dict>
			<key>includeInIndex</key>
			<string>1</string>
			<key>isa</key>
			<string>PBXFileReference</string>
			<key>lastKnownFileType</key>
			<string>text.xcconfig</string>
			<key>name</key>
			<string>Pods.release.xcconfig</string>
			<key>path</key>
			<string>Pods/Target Support Files/Pods/Pods.release.xcconfig</string>
			<key>sourceTree</key>
			<string>&lt;group&gt;</string>
		</dict>
		<key>3E4F4DB52EA04D489651AD23</key>
		<dict>
			<key>explicitFileType</key>
			<string>archive.ar</string>
			<key>includeInIndex</key>
			<string>0</string>
			<key>isa</key>
			<string>PBXFileReference</string>
			<key>path</key>
			<string>libPods-FSImageViewerTests.a</string>
			<key>sourceTree</key>
			<string>BUILT_PRODUCTS_DIR</string>
		</dict>
		<key>589F82D818EDE791007F654A</key>
		<dict>
			<key>fileEncoding</key>
			<string>4</string>
			<key>isa</key>
			<string>PBXFileReference</string>
			<key>lastKnownFileType</key>
			<string>sourcecode.c.h</string>
			<key>path</key>
			<string>FSTitleView.h</string>
			<key>sourceTree</key>
			<string>&lt;group&gt;</string>
		</dict>
		<key>5AB0DA258592480FB4099411</key>
		<dict>
			<key>fileRef</key>
			<string>746D153768E9481F8194ECCE</string>
			<key>isa</key>
			<string>PBXBuildFile</string>
		</dict>
		<key>668C822E290F479BBF42B716</key>
		<dict>
			<key>buildActionMask</key>
			<string>2147483647</string>
			<key>files</key>
			<array/>
			<key>inputPaths</key>
			<array/>
			<key>isa</key>
			<string>PBXShellScriptBuildPhase</string>
			<key>name</key>
			<string>Check Pods Manifest.lock</string>
			<key>outputPaths</key>
			<array/>
			<key>runOnlyForDeploymentPostprocessing</key>
			<string>0</string>
			<key>shellPath</key>
			<string>/bin/sh</string>
			<key>shellScript</key>
			<string>diff "${PODS_ROOT}/../Podfile.lock" "${PODS_ROOT}/Manifest.lock" &gt; /dev/null
if [[ $? != 0 ]] ; then
    cat &lt;&lt; EOM
error: The sandbox is not in sync with the Podfile.lock. Run 'pod install' or update your CocoaPods installation.
EOM
    exit 1
fi
</string>
			<key>showEnvVarsInLog</key>
			<string>0</string>
		</dict>
		<key>69855A85F6C241808F6F609F</key>
		<dict>
			<key>fileRef</key>
			<string>3E4F4DB52EA04D489651AD23</string>
			<key>isa</key>
			<string>PBXBuildFile</string>
		</dict>
		<key>746D153768E9481F8194ECCE</key>
		<dict>
			<key>explicitFileType</key>
			<string>archive.ar</string>
			<key>includeInIndex</key>
			<string>0</string>
			<key>isa</key>
			<string>PBXFileReference</string>
			<key>path</key>
			<string>libPods.a</string>
			<key>sourceTree</key>
			<string>BUILT_PRODUCTS_DIR</string>
		</dict>
		<key>85A9CBC49B63FEB31F1448F5</key>
		<dict>
			<key>includeInIndex</key>
			<string>1</string>
			<key>isa</key>
			<string>PBXFileReference</string>
			<key>lastKnownFileType</key>
			<string>text.xcconfig</string>
			<key>name</key>
			<string>Pods.debug.xcconfig</string>
			<key>path</key>
			<string>Pods/Target Support Files/Pods/Pods.debug.xcconfig</string>
			<key>sourceTree</key>
			<string>&lt;group&gt;</string>
		</dict>
		<key>E172C5EA369C4663AD247B30</key>
		<dict>
			<key>buildActionMask</key>
			<string>2147483647</string>
			<key>files</key>
			<array/>
			<key>inputPaths</key>
			<array/>
			<key>isa</key>
			<string>PBXShellScriptBuildPhase</string>
			<key>name</key>
			<string>Check Pods Manifest.lock</string>
			<key>outputPaths</key>
			<array/>
			<key>runOnlyForDeploymentPostprocessing</key>
			<string>0</string>
			<key>shellPath</key>
			<string>/bin/sh</string>
			<key>shellScript</key>
			<string>diff "${PODS_ROOT}/../Podfile.lock" "${PODS_ROOT}/Manifest.lock" &gt; /dev/null
if [[ $? != 0 ]] ; then
    cat &lt;&lt; EOM
error: The sandbox is not in sync with the Podfile.lock. Run 'pod install' or update your CocoaPods installation.
EOM
    exit 1
fi
</string>
			<key>showEnvVarsInLog</key>
			<string>0</string>
		</dict>
		<key>E9DCDA9D0E3F44EB95291CBC</key>
		<dict>
			<key>buildActionMask</key>
			<string>2147483647</string>
			<key>files</key>
			<array/>
			<key>inputPaths</key>
			<array/>
			<key>isa</key>
			<string>PBXShellScriptBuildPhase</string>
			<key>name</key>
			<string>Copy Pods Resources</string>
			<key>outputPaths</key>
			<array/>
			<key>runOnlyForDeploymentPostprocessing</key>
			<string>0</string>
			<key>shellPath</key>
			<string>/bin/sh</string>
			<key>shellScript</key>
			<string>"${SRCROOT}/Pods/Target Support Files/Pods-FSImageViewerTests/Pods-FSImageViewerTests-resources.sh"
</string>
			<key>showEnvVarsInLog</key>
			<string>0</string>
		</dict>
		<key>EAB987CD32B1D53A7F4A3B72</key>
		<dict>
			<key>includeInIndex</key>
			<string>1</string>
			<key>isa</key>
			<string>PBXFileReference</string>
			<key>lastKnownFileType</key>
			<string>text.xcconfig</string>
			<key>name</key>
			<string>Pods-FSImageViewerTests.release.xcconfig</string>
			<key>path</key>
			<string>Pods/Target Support Files/Pods-FSImageViewerTests/Pods-FSImageViewerTests.release.xcconfig</string>
			<key>sourceTree</key>
			<string>&lt;group&gt;</string>
		</dict>
		<key>F438121ACBFC9888194F99FE</key>
		<dict>
			<key>includeInIndex</key>
			<string>1</string>
			<key>isa</key>
			<string>PBXFileReference</string>
			<key>lastKnownFileType</key>
			<string>text.xcconfig</string>
			<key>name</key>
			<string>Pods-FSImageViewerTests.debug.xcconfig</string>
			<key>path</key>
			<string>Pods/Target Support Files/Pods-FSImageViewerTests/Pods-FSImageViewerTests.debug.xcconfig</string>
			<key>sourceTree</key>
			<string>&lt;group&gt;</string>
		</dict>
		<key>F7A857B1B6AA493B8B48C1BD</key>
		<dict>
			<key>buildActionMask</key>
			<string>2147483647</string>
			<key>files</key>
			<array/>
			<key>inputPaths</key>
			<array/>
			<key>isa</key>
			<string>PBXShellScriptBuildPhase</string>
			<key>name</key>
			<string>Copy Pods Resources</string>
			<key>outputPaths</key>
			<array/>
			<key>runOnlyForDeploymentPostprocessing</key>
			<string>0</string>
			<key>shellPath</key>
			<string>/bin/sh</string>
			<key>shellScript</key>
			<string>"${SRCROOT}/Pods/Target Support Files/Pods/Pods-resources.sh"
</string>
			<key>showEnvVarsInLog</key>
			<string>0</string>
		</dict>
		<key>FD0FEFB917D77F1C00470082</key>
		<dict>
			<key>fileEncoding</key>
			<string>4</string>
			<key>isa</key>
			<string>PBXFileReference</string>
			<key>lastKnownFileType</key>
			<string>sourcecode.c.h</string>
			<key>path</key>
			<string>FSBasicImageSource.h</string>
			<key>sourceTree</key>
			<string>&lt;group&gt;</string>
		</dict>
		<key>FD0FEFBA17D77F1C00470082</key>
		<dict>
			<key>fileEncoding</key>
			<string>4</string>
			<key>isa</key>
			<string>PBXFileReference</string>
			<key>lastKnownFileType</key>
			<string>sourcecode.c.objc</string>
			<key>path</key>
			<string>FSBasicImageSource.m</string>
			<key>sourceTree</key>
			<string>&lt;group&gt;</string>
		</dict>
		<key>FD0FEFBB17D77F1C00470082</key>
		<dict>
			<key>fileRef</key>
			<string>FD0FEFBA17D77F1C00470082</string>
			<key>isa</key>
			<string>PBXBuildFile</string>
		</dict>
		<key>FD0FEFBD17D781EF00470082</key>
		<dict>
			<key>fileEncoding</key>
			<string>4</string>
			<key>isa</key>
			<string>PBXFileReference</string>
			<key>lastKnownFileType</key>
			<string>sourcecode.c.h</string>
			<key>path</key>
			<string>FSBasicImage.h</string>
			<key>sourceTree</key>
			<string>&lt;group&gt;</string>
		</dict>
		<key>FD0FEFBE17D781EF00470082</key>
		<dict>
			<key>fileEncoding</key>
			<string>4</string>
			<key>isa</key>
			<string>PBXFileReference</string>
			<key>lastKnownFileType</key>
			<string>sourcecode.c.objc</string>
			<key>path</key>
			<string>FSBasicImage.m</string>
			<key>sourceTree</key>
			<string>&lt;group&gt;</string>
		</dict>
		<key>FD0FEFBF17D781EF00470082</key>
		<dict>
			<key>fileRef</key>
			<string>FD0FEFBE17D781EF00470082</string>
			<key>isa</key>
			<string>PBXBuildFile</string>
		</dict>
		<key>FD37CEBF181EBA5700606D81</key>
		<dict>
			<key>isa</key>
			<string>PBXFileReference</string>
			<key>lastKnownFileType</key>
			<string>wrapper.plug-in</string>
			<key>path</key>
			<string>FSImageViewer.bundle</string>
			<key>sourceTree</key>
			<string>SOURCE_ROOT</string>
		</dict>
		<key>FD37CEC0181EBA5700606D81</key>
		<dict>
			<key>fileRef</key>
			<string>FD37CEBF181EBA5700606D81</string>
			<key>isa</key>
			<string>PBXBuildFile</string>
		</dict>
		<key>FD37CEC1181EBCDC00606D81</key>
		<dict>
			<key>isa</key>
			<string>PBXFileReference</string>
			<key>lastKnownFileType</key>
			<string>text.plist.strings</string>
			<key>name</key>
			<string>it</string>
			<key>path</key>
			<string>it.lproj/InfoPlist.strings</string>
			<key>sourceTree</key>
			<string>&lt;group&gt;</string>
		</dict>
		<key>FD37CEC2181EBCE000606D81</key>
		<dict>
			<key>isa</key>
			<string>PBXFileReference</string>
			<key>lastKnownFileType</key>
			<string>text.plist.strings</string>
			<key>name</key>
			<string>es</string>
			<key>path</key>
			<string>es.lproj/InfoPlist.strings</string>
			<key>sourceTree</key>
			<string>&lt;group&gt;</string>
		</dict>
		<key>FD37CEC3181EBCEC00606D81</key>
		<dict>
			<key>isa</key>
			<string>PBXFileReference</string>
			<key>lastKnownFileType</key>
			<string>text.plist.strings</string>
			<key>name</key>
			<string>fr</string>
			<key>path</key>
			<string>fr.lproj/InfoPlist.strings</string>
			<key>sourceTree</key>
			<string>&lt;group&gt;</string>
		</dict>
		<key>FD37CEC4181EBCF400606D81</key>
		<dict>
			<key>isa</key>
			<string>PBXFileReference</string>
			<key>lastKnownFileType</key>
			<string>text.plist.strings</string>
			<key>name</key>
			<string>nl</string>
			<key>path</key>
			<string>nl.lproj/InfoPlist.strings</string>
			<key>sourceTree</key>
			<string>&lt;group&gt;</string>
		</dict>
		<key>FD37CEC5181EC01700606D81</key>
		<dict>
			<key>isa</key>
			<string>PBXFileReference</string>
			<key>lastKnownFileType</key>
			<string>text.plist.strings</string>
			<key>name</key>
			<string>ru</string>
			<key>path</key>
			<string>ru.lproj/InfoPlist.strings</string>
			<key>sourceTree</key>
			<string>&lt;group&gt;</string>
		</dict>
		<key>FD37CEC6181EC01E00606D81</key>
		<dict>
			<key>isa</key>
			<string>PBXFileReference</string>
			<key>lastKnownFileType</key>
			<string>text.plist.strings</string>
			<key>name</key>
			<string>de</string>
			<key>path</key>
			<string>de.lproj/InfoPlist.strings</string>
			<key>sourceTree</key>
			<string>&lt;group&gt;</string>
		</dict>
		<key>FD89E28717CB99D900A41D91</key>
		<dict>
			<key>children</key>
			<array>
				<string>FD89E29517CB99D900A41D91</string>
				<string>FD89E2AB17CB99F000A41D91</string>
				<string>FDBD6633193B054F006D3BF6</string>
				<string>FD89E29217CB99D900A41D91</string>
				<string>FD89E29117CB99D900A41D91</string>
				<string>09EB87C7BA5D8A556339C8D3</string>
			</array>
			<key>isa</key>
			<string>PBXGroup</string>
			<key>sourceTree</key>
			<string>&lt;group&gt;</string>
		</dict>
		<key>FD89E28817CB99D900A41D91</key>
		<dict>
			<key>attributes</key>
			<dict>
				<key>LastUpgradeCheck</key>
				<string>0460</string>
				<key>ORGANIZATIONNAME</key>
				<string>Felix Schulze</string>
				<key>TargetAttributes</key>
				<dict>
					<key>FDBD662D193B054F006D3BF6</key>
					<dict>
						<key>TestTargetID</key>
						<string>FD89E28F17CB99D900A41D91</string>
					</dict>
				</dict>
			</dict>
			<key>buildConfigurationList</key>
			<string>FD89E28B17CB99D900A41D91</string>
			<key>compatibilityVersion</key>
			<string>Xcode 3.2</string>
			<key>developmentRegion</key>
			<string>English</string>
			<key>hasScannedForEncodings</key>
			<string>0</string>
			<key>isa</key>
			<string>PBXProject</string>
			<key>knownRegions</key>
			<array>
				<string>en</string>
				<string>de</string>
				<string>it</string>
				<string>es</string>
				<string>fr</string>
				<string>nl</string>
				<string>ru</string>
			</array>
			<key>mainGroup</key>
			<string>FD89E28717CB99D900A41D91</string>
			<key>productRefGroup</key>
			<string>FD89E29117CB99D900A41D91</string>
			<key>projectDirPath</key>
			<string></string>
			<key>projectReferences</key>
			<array/>
			<key>projectRoot</key>
			<string></string>
			<key>targets</key>
			<array>
				<string>FD89E28F17CB99D900A41D91</string>
				<string>FD89E2A417CB99F000A41D91</string>
				<string>FDBD662D193B054F006D3BF6</string>
			</array>
		</dict>
		<key>FD89E28B17CB99D900A41D91</key>
		<dict>
			<key>buildConfigurations</key>
			<array>
				<string>FD89E29C17CB99D900A41D91</string>
				<string>FD89E29D17CB99D900A41D91</string>
			</array>
			<key>defaultConfigurationIsVisible</key>
			<string>0</string>
			<key>defaultConfigurationName</key>
			<string>Release</string>
			<key>isa</key>
			<string>XCConfigurationList</string>
		</dict>
		<key>FD89E28C17CB99D900A41D91</key>
		<dict>
			<key>buildActionMask</key>
			<string>2147483647</string>
			<key>files</key>
			<array>
				<string>FD89E2CA17CB9A0700A41D91</string>
				<string>FD89E2CB17CB9A0700A41D91</string>
				<string>FD89E2CC17CB9A0700A41D91</string>
				<string>FD89E2CD17CB9A0700A41D91</string>
				<string>FD89E2D217CB9A0E00A41D91</string>
				<string>FD89E2D317CB9A0E00A41D91</string>
				<string>FD0FEFBB17D77F1C00470082</string>
				<string>FD0FEFBF17D781EF00470082</string>
			</array>
			<key>isa</key>
			<string>PBXSourcesBuildPhase</string>
			<key>runOnlyForDeploymentPostprocessing</key>
			<string>0</string>
		</dict>
		<key>FD89E28D17CB99D900A41D91</key>
		<dict>
			<key>buildActionMask</key>
			<string>2147483647</string>
			<key>files</key>
			<array>
				<string>FD89E29417CB99D900A41D91</string>
				<string>5AB0DA258592480FB4099411</string>
			</array>
			<key>isa</key>
			<string>PBXFrameworksBuildPhase</string>
			<key>runOnlyForDeploymentPostprocessing</key>
			<string>0</string>
		</dict>
		<key>FD89E28E17CB99D900A41D91</key>
		<dict>
			<key>buildActionMask</key>
			<string>2147483647</string>
			<key>dstPath</key>
			<string>include/${PRODUCT_NAME}</string>
			<key>dstSubfolderSpec</key>
			<string>16</string>
			<key>files</key>
			<array/>
			<key>isa</key>
			<string>PBXCopyFilesBuildPhase</string>
			<key>runOnlyForDeploymentPostprocessing</key>
			<string>0</string>
		</dict>
		<key>FD89E28F17CB99D900A41D91</key>
		<dict>
			<key>buildConfigurationList</key>
			<string>FD89E29E17CB99D900A41D91</string>
			<key>buildPhases</key>
			<array>
				<string>668C822E290F479BBF42B716</string>
				<string>FD89E28C17CB99D900A41D91</string>
				<string>FD89E28D17CB99D900A41D91</string>
				<string>FD89E28E17CB99D900A41D91</string>
				<string>F7A857B1B6AA493B8B48C1BD</string>
			</array>
			<key>buildRules</key>
			<array/>
			<key>dependencies</key>
			<array/>
			<key>isa</key>
			<string>PBXNativeTarget</string>
			<key>name</key>
			<string>FSImageViewer</string>
			<key>productName</key>
			<string>FSImageViewer</string>
			<key>productReference</key>
			<string>FD89E29017CB99D900A41D91</string>
			<key>productType</key>
			<string>com.apple.product-type.library.static</string>
		</dict>
		<key>FD89E29017CB99D900A41D91</key>
		<dict>
			<key>explicitFileType</key>
			<string>archive.ar</string>
			<key>includeInIndex</key>
			<string>0</string>
			<key>isa</key>
			<string>PBXFileReference</string>
			<key>path</key>
			<string>libFSImageViewer.a</string>
			<key>sourceTree</key>
			<string>BUILT_PRODUCTS_DIR</string>
		</dict>
		<key>FD89E29117CB99D900A41D91</key>
		<dict>
			<key>children</key>
			<array>
				<string>FD89E29017CB99D900A41D91</string>
				<string>FD89E2A517CB99F000A41D91</string>
				<string>FDBD662E193B054F006D3BF6</string>
			</array>
			<key>isa</key>
			<string>PBXGroup</string>
			<key>name</key>
			<string>Products</string>
			<key>sourceTree</key>
			<string>&lt;group&gt;</string>
		</dict>
		<key>FD89E29217CB99D900A41D91</key>
		<dict>
			<key>children</key>
			<array>
				<string>FDD96CE917CB9B8800B66931</string>
				<string>FDD96CE717CB9B8500B66931</string>
				<string>FDD96CE517CB9B8000B66931</string>
				<string>FD89E29317CB99D900A41D91</string>
				<string>FD89E2A617CB99F000A41D91</string>
				<string>FD89E2A917CB99F000A41D91</string>
				<string>746D153768E9481F8194ECCE</string>
				<string>FDBD662F193B054F006D3BF6</string>
				<string>3E4F4DB52EA04D489651AD23</string>
			</array>
			<key>isa</key>
			<string>PBXGroup</string>
			<key>name</key>
			<string>Frameworks</string>
			<key>sourceTree</key>
			<string>&lt;group&gt;</string>
		</dict>
		<key>FD89E29317CB99D900A41D91</key>
		<dict>
			<key>isa</key>
			<string>PBXFileReference</string>
			<key>lastKnownFileType</key>
			<string>wrapper.framework</string>
			<key>name</key>
			<string>Foundation.framework</string>
			<key>path</key>
			<string>System/Library/Frameworks/Foundation.framework</string>
			<key>sourceTree</key>
			<string>SDKROOT</string>
		</dict>
		<key>FD89E29417CB99D900A41D91</key>
		<dict>
			<key>fileRef</key>
			<string>FD89E29317CB99D900A41D91</string>
			<key>isa</key>
			<string>PBXBuildFile</string>
		</dict>
		<key>FD89E29517CB99D900A41D91</key>
		<dict>
			<key>children</key>
			<array>
				<string>FD0FEFBD17D781EF00470082</string>
				<string>FD0FEFBE17D781EF00470082</string>
				<string>FD0FEFB917D77F1C00470082</string>
				<string>FD0FEFBA17D77F1C00470082</string>
				<string>FD89E2C017CB9A0700A41D91</string>
				<string>FD89E2C117CB9A0700A41D91</string>
				<string>FD89E2C217CB9A0700A41D91</string>
				<string>FD89E2C317CB9A0700A41D91</string>
				<string>FD89E2C417CB9A0700A41D91</string>
				<string>FD89E2C517CB9A0700A41D91</string>
				<string>FD89E2C617CB9A0700A41D91</string>
				<string>FD89E2C717CB9A0700A41D91</string>
				<string>FD89E2C817CB9A0700A41D91</string>
				<string>FD89E2C917CB9A0700A41D91</string>
				<string>FD37CEBF181EBA5700606D81</string>
				<string>FDD96CE117CB9ADC00B66931</string>
				<string>FD89E2CE17CB9A0E00A41D91</string>
				<string>FD89E2CF17CB9A0E00A41D91</string>
				<string>FD89E2D017CB9A0E00A41D91</string>
				<string>FD89E2D117CB9A0E00A41D91</string>
				<string>589F82D818EDE791007F654A</string>
				<string>FD89E29617CB99D900A41D91</string>
			</array>
			<key>isa</key>
			<string>PBXGroup</string>
			<key>path</key>
			<string>FSImageViewer</string>
			<key>sourceTree</key>
			<string>&lt;group&gt;</string>
		</dict>
		<key>FD89E29617CB99D900A41D91</key>
		<dict>
			<key>children</key>
			<array>
				<string>FD89E29717CB99D900A41D91</string>
			</array>
			<key>isa</key>
			<string>PBXGroup</string>
			<key>name</key>
			<string>Supporting Files</string>
			<key>sourceTree</key>
			<string>&lt;group&gt;</string>
		</dict>
		<key>FD89E29717CB99D900A41D91</key>
		<dict>
			<key>isa</key>
			<string>PBXFileReference</string>
			<key>lastKnownFileType</key>
			<string>sourcecode.c.h</string>
			<key>path</key>
			<string>FSImageViewer-Prefix.pch</string>
			<key>sourceTree</key>
			<string>&lt;group&gt;</string>
		</dict>
		<key>FD89E29C17CB99D900A41D91</key>
		<dict>
			<key>buildSettings</key>
			<dict>
				<key>ALWAYS_SEARCH_USER_PATHS</key>
				<string>NO</string>
				<key>CLANG_CXX_LANGUAGE_STANDARD</key>
				<string>gnu++0x</string>
				<key>CLANG_CXX_LIBRARY</key>
				<string>libc++</string>
				<key>CLANG_ENABLE_OBJC_ARC</key>
				<string>YES</string>
				<key>CLANG_WARN_CONSTANT_CONVERSION</key>
				<string>YES</string>
				<key>CLANG_WARN_EMPTY_BODY</key>
				<string>YES</string>
				<key>CLANG_WARN_ENUM_CONVERSION</key>
				<string>YES</string>
				<key>CLANG_WARN_INT_CONVERSION</key>
				<string>YES</string>
				<key>CLANG_WARN__DUPLICATE_METHOD_MATCH</key>
				<string>YES</string>
				<key>COPY_PHASE_STRIP</key>
				<string>NO</string>
				<key>GCC_C_LANGUAGE_STANDARD</key>
				<string>gnu99</string>
				<key>GCC_DYNAMIC_NO_PIC</key>
				<string>NO</string>
				<key>GCC_OPTIMIZATION_LEVEL</key>
				<string>0</string>
				<key>GCC_PREPROCESSOR_DEFINITIONS</key>
				<array>
					<string>DEBUG=1</string>
					<string>$(inherited)</string>
				</array>
				<key>GCC_SYMBOLS_PRIVATE_EXTERN</key>
				<string>NO</string>
				<key>GCC_TREAT_WARNINGS_AS_ERRORS</key>
				<string>YES</string>
				<key>GCC_WARN_64_TO_32_BIT_CONVERSION</key>
				<string>YES</string>
				<key>GCC_WARN_ABOUT_RETURN_TYPE</key>
				<string>YES</string>
				<key>GCC_WARN_UNINITIALIZED_AUTOS</key>
				<string>YES</string>
				<key>GCC_WARN_UNUSED_VARIABLE</key>
				<string>YES</string>
				<key>IPHONEOS_DEPLOYMENT_TARGET</key>
				<string>6.0</string>
				<key>ONLY_ACTIVE_ARCH</key>
				<string>YES</string>
				<key>SDKROOT</key>
				<string>iphoneos</string>
			</dict>
			<key>isa</key>
			<string>XCBuildConfiguration</string>
			<key>name</key>
			<string>Debug</string>
		</dict>
		<key>FD89E29D17CB99D900A41D91</key>
		<dict>
			<key>buildSettings</key>
			<dict>
				<key>ALWAYS_SEARCH_USER_PATHS</key>
				<string>NO</string>
				<key>CLANG_CXX_LANGUAGE_STANDARD</key>
				<string>gnu++0x</string>
				<key>CLANG_CXX_LIBRARY</key>
				<string>libc++</string>
				<key>CLANG_ENABLE_OBJC_ARC</key>
				<string>YES</string>
				<key>CLANG_WARN_CONSTANT_CONVERSION</key>
				<string>YES</string>
				<key>CLANG_WARN_EMPTY_BODY</key>
				<string>YES</string>
				<key>CLANG_WARN_ENUM_CONVERSION</key>
				<string>YES</string>
				<key>CLANG_WARN_INT_CONVERSION</key>
				<string>YES</string>
				<key>CLANG_WARN__DUPLICATE_METHOD_MATCH</key>
				<string>YES</string>
				<key>COPY_PHASE_STRIP</key>
				<string>YES</string>
				<key>GCC_C_LANGUAGE_STANDARD</key>
				<string>gnu99</string>
				<key>GCC_TREAT_WARNINGS_AS_ERRORS</key>
				<string>YES</string>
				<key>GCC_WARN_64_TO_32_BIT_CONVERSION</key>
				<string>YES</string>
				<key>GCC_WARN_ABOUT_RETURN_TYPE</key>
				<string>YES</string>
				<key>GCC_WARN_UNINITIALIZED_AUTOS</key>
				<string>YES</string>
				<key>GCC_WARN_UNUSED_VARIABLE</key>
				<string>YES</string>
				<key>IPHONEOS_DEPLOYMENT_TARGET</key>
				<string>6.0</string>
				<key>SDKROOT</key>
				<string>iphoneos</string>
				<key>VALIDATE_PRODUCT</key>
				<string>YES</string>
			</dict>
			<key>isa</key>
			<string>XCBuildConfiguration</string>
			<key>name</key>
			<string>Release</string>
		</dict>
		<key>FD89E29E17CB99D900A41D91</key>
		<dict>
			<key>buildConfigurations</key>
			<array>
				<string>FD89E29F17CB99D900A41D91</string>
				<string>FD89E2A017CB99D900A41D91</string>
			</array>
			<key>defaultConfigurationIsVisible</key>
			<string>0</string>
			<key>defaultConfigurationName</key>
			<string>Release</string>
			<key>isa</key>
			<string>XCConfigurationList</string>
		</dict>
		<key>FD89E29F17CB99D900A41D91</key>
		<dict>
			<key>baseConfigurationReference</key>
			<string>85A9CBC49B63FEB31F1448F5</string>
			<key>buildSettings</key>
			<dict>
				<key>DSTROOT</key>
				<string>/tmp/FSImageViewer.dst</string>
				<key>GCC_PRECOMPILE_PREFIX_HEADER</key>
				<string>YES</string>
				<key>GCC_PREFIX_HEADER</key>
				<string>FSImageViewer/FSImageViewer-Prefix.pch</string>
				<key>PRODUCT_NAME</key>
				<string>$(TARGET_NAME)</string>
				<key>SKIP_INSTALL</key>
				<string>YES</string>
			</dict>
			<key>isa</key>
			<string>XCBuildConfiguration</string>
			<key>name</key>
			<string>Debug</string>
		</dict>
		<key>FD89E2A017CB99D900A41D91</key>
		<dict>
			<key>baseConfigurationReference</key>
			<string>2926F8C4CE2E738802DA8060</string>
			<key>buildSettings</key>
			<dict>
				<key>DSTROOT</key>
				<string>/tmp/FSImageViewer.dst</string>
				<key>GCC_PRECOMPILE_PREFIX_HEADER</key>
				<string>YES</string>
				<key>GCC_PREFIX_HEADER</key>
				<string>FSImageViewer/FSImageViewer-Prefix.pch</string>
				<key>PRODUCT_NAME</key>
				<string>$(TARGET_NAME)</string>
				<key>SKIP_INSTALL</key>
				<string>YES</string>
			</dict>
			<key>isa</key>
			<string>XCBuildConfiguration</string>
			<key>name</key>
			<string>Release</string>
		</dict>
		<key>FD89E2A117CB99F000A41D91</key>
		<dict>
			<key>buildActionMask</key>
			<string>2147483647</string>
			<key>files</key>
			<array>
				<string>FD89E2B217CB99F000A41D91</string>
				<string>FD89E2B617CB99F000A41D91</string>
				<string>FD89E2DD17CB9A4400A41D91</string>
			</array>
			<key>isa</key>
			<string>PBXSourcesBuildPhase</string>
			<key>runOnlyForDeploymentPostprocessing</key>
			<string>0</string>
		</dict>
		<key>FD89E2A217CB99F000A41D91</key>
		<dict>
			<key>buildActionMask</key>
			<string>2147483647</string>
			<key>files</key>
			<array>
				<string>FDD96CE417CB9B7400B66931</string>
				<string>FDD96CEB17CB9B9000B66931</string>
				<string>FDD96CEC17CB9B9100B66931</string>
				<string>FDD96CED17CB9B9300B66931</string>
				<string>FD89E2A717CB99F000A41D91</string>
				<string>FD89E2A817CB99F000A41D91</string>
				<string>FD89E2AA17CB99F000A41D91</string>
			</array>
			<key>isa</key>
			<string>PBXFrameworksBuildPhase</string>
			<key>runOnlyForDeploymentPostprocessing</key>
			<string>0</string>
		</dict>
		<key>FD89E2A317CB99F000A41D91</key>
		<dict>
			<key>buildActionMask</key>
			<string>2147483647</string>
			<key>files</key>
			<array>
				<string>FD89E2B017CB99F000A41D91</string>
				<string>FD89E2B817CB99F000A41D91</string>
				<string>FD89E2BA17CB99F000A41D91</string>
				<string>FD89E2BC17CB99F000A41D91</string>
				<string>FD37CEC0181EBA5700606D81</string>
				<string>FD89E2DE17CB9A4400A41D91</string>
			</array>
			<key>isa</key>
			<string>PBXResourcesBuildPhase</string>
			<key>runOnlyForDeploymentPostprocessing</key>
			<string>0</string>
		</dict>
		<key>FD89E2A417CB99F000A41D91</key>
		<dict>
			<key>buildConfigurationList</key>
			<string>FD89E2BD17CB99F000A41D91</string>
			<key>buildPhases</key>
			<array>
				<string>FD89E2A117CB99F000A41D91</string>
				<string>FD89E2A217CB99F000A41D91</string>
				<string>FD89E2A317CB99F000A41D91</string>
			</array>
			<key>buildRules</key>
			<array/>
			<key>dependencies</key>
			<array>
				<string>FDD96CE317CB9B7000B66931</string>
			</array>
			<key>isa</key>
			<string>PBXNativeTarget</string>
			<key>name</key>
			<string>FSImageViewerDemo</string>
			<key>productName</key>
			<string>FSImageViewerDemo</string>
			<key>productReference</key>
			<string>FD89E2A517CB99F000A41D91</string>
			<key>productType</key>
			<string>com.apple.product-type.application</string>
		</dict>
		<key>FD89E2A517CB99F000A41D91</key>
		<dict>
			<key>explicitFileType</key>
			<string>wrapper.application</string>
			<key>includeInIndex</key>
			<string>0</string>
			<key>isa</key>
			<string>PBXFileReference</string>
			<key>path</key>
			<string>FSImageViewerDemo.app</string>
			<key>sourceTree</key>
			<string>BUILT_PRODUCTS_DIR</string>
		</dict>
		<key>FD89E2A617CB99F000A41D91</key>
		<dict>
			<key>isa</key>
			<string>PBXFileReference</string>
			<key>lastKnownFileType</key>
			<string>wrapper.framework</string>
			<key>name</key>
			<string>UIKit.framework</string>
			<key>path</key>
			<string>System/Library/Frameworks/UIKit.framework</string>
			<key>sourceTree</key>
			<string>SDKROOT</string>
		</dict>
		<key>FD89E2A717CB99F000A41D91</key>
		<dict>
			<key>fileRef</key>
			<string>FD89E2A617CB99F000A41D91</string>
			<key>isa</key>
			<string>PBXBuildFile</string>
		</dict>
		<key>FD89E2A817CB99F000A41D91</key>
		<dict>
			<key>fileRef</key>
			<string>FD89E29317CB99D900A41D91</string>
			<key>isa</key>
			<string>PBXBuildFile</string>
		</dict>
		<key>FD89E2A917CB99F000A41D91</key>
		<dict>
			<key>isa</key>
			<string>PBXFileReference</string>
			<key>lastKnownFileType</key>
			<string>wrapper.framework</string>
			<key>name</key>
			<string>CoreGraphics.framework</string>
			<key>path</key>
			<string>System/Library/Frameworks/CoreGraphics.framework</string>
			<key>sourceTree</key>
			<string>SDKROOT</string>
		</dict>
		<key>FD89E2AA17CB99F000A41D91</key>
		<dict>
			<key>fileRef</key>
			<string>FD89E2A917CB99F000A41D91</string>
			<key>isa</key>
			<string>PBXBuildFile</string>
		</dict>
		<key>FD89E2AB17CB99F000A41D91</key>
		<dict>
			<key>children</key>
			<array>
				<string>FD89E2B417CB99F000A41D91</string>
				<string>FD89E2B517CB99F000A41D91</string>
				<string>FD89E2D817CB9A4400A41D91</string>
				<string>FD89E2D917CB9A4400A41D91</string>
				<string>FD89E2DA17CB9A4400A41D91</string>
				<string>FD89E2AC17CB99F000A41D91</string>
			</array>
			<key>isa</key>
			<string>PBXGroup</string>
			<key>path</key>
			<string>FSImageViewerDemo</string>
			<key>sourceTree</key>
			<string>&lt;group&gt;</string>
		</dict>
		<key>FD89E2AC17CB99F000A41D91</key>
		<dict>
			<key>children</key>
			<array>
				<string>FD89E2AD17CB99F000A41D91</string>
				<string>FD89E2AE17CB99F000A41D91</string>
				<string>FD89E2B117CB99F000A41D91</string>
				<string>FD89E2B317CB99F000A41D91</string>
				<string>FD89E2B717CB99F000A41D91</string>
				<string>FD89E2B917CB99F000A41D91</string>
				<string>FD89E2BB17CB99F000A41D91</string>
			</array>
			<key>isa</key>
			<string>PBXGroup</string>
			<key>name</key>
			<string>Supporting Files</string>
			<key>sourceTree</key>
			<string>&lt;group&gt;</string>
		</dict>
		<key>FD89E2AD17CB99F000A41D91</key>
		<dict>
			<key>isa</key>
			<string>PBXFileReference</string>
			<key>lastKnownFileType</key>
			<string>text.plist.xml</string>
			<key>path</key>
			<string>FSImageViewerDemo-Info.plist</string>
			<key>sourceTree</key>
			<string>&lt;group&gt;</string>
		</dict>
		<key>FD89E2AE17CB99F000A41D91</key>
		<dict>
			<key>children</key>
			<array>
				<string>FD89E2AF17CB99F000A41D91</string>
				<string>FD37CEC1181EBCDC00606D81</string>
				<string>FD37CEC2181EBCE000606D81</string>
				<string>FD37CEC3181EBCEC00606D81</string>
				<string>FD37CEC4181EBCF400606D81</string>
				<string>FD37CEC5181EC01700606D81</string>
				<string>FD37CEC6181EC01E00606D81</string>
			</array>
			<key>isa</key>
			<string>PBXVariantGroup</string>
			<key>name</key>
			<string>InfoPlist.strings</string>
			<key>sourceTree</key>
			<string>&lt;group&gt;</string>
		</dict>
		<key>FD89E2AF17CB99F000A41D91</key>
		<dict>
			<key>isa</key>
			<string>PBXFileReference</string>
			<key>lastKnownFileType</key>
			<string>text.plist.strings</string>
			<key>name</key>
			<string>en</string>
			<key>path</key>
			<string>en.lproj/InfoPlist.strings</string>
			<key>sourceTree</key>
			<string>&lt;group&gt;</string>
		</dict>
		<key>FD89E2B017CB99F000A41D91</key>
		<dict>
			<key>fileRef</key>
			<string>FD89E2AE17CB99F000A41D91</string>
			<key>isa</key>
			<string>PBXBuildFile</string>
		</dict>
		<key>FD89E2B117CB99F000A41D91</key>
		<dict>
			<key>isa</key>
			<string>PBXFileReference</string>
			<key>lastKnownFileType</key>
			<string>sourcecode.c.objc</string>
			<key>path</key>
			<string>main.m</string>
			<key>sourceTree</key>
			<string>&lt;group&gt;</string>
		</dict>
		<key>FD89E2B217CB99F000A41D91</key>
		<dict>
			<key>fileRef</key>
			<string>FD89E2B117CB99F000A41D91</string>
			<key>isa</key>
			<string>PBXBuildFile</string>
		</dict>
		<key>FD89E2B317CB99F000A41D91</key>
		<dict>
			<key>isa</key>
			<string>PBXFileReference</string>
			<key>lastKnownFileType</key>
			<string>sourcecode.c.h</string>
			<key>path</key>
			<string>FSImageViewerDemo-Prefix.pch</string>
			<key>sourceTree</key>
			<string>&lt;group&gt;</string>
		</dict>
		<key>FD89E2B417CB99F000A41D91</key>
		<dict>
			<key>isa</key>
			<string>PBXFileReference</string>
			<key>lastKnownFileType</key>
			<string>sourcecode.c.h</string>
			<key>path</key>
			<string>FSAppDelegate.h</string>
			<key>sourceTree</key>
			<string>&lt;group&gt;</string>
		</dict>
		<key>FD89E2B517CB99F000A41D91</key>
		<dict>
			<key>isa</key>
			<string>PBXFileReference</string>
			<key>lastKnownFileType</key>
			<string>sourcecode.c.objc</string>
			<key>path</key>
			<string>FSAppDelegate.m</string>
			<key>sourceTree</key>
			<string>&lt;group&gt;</string>
		</dict>
		<key>FD89E2B617CB99F000A41D91</key>
		<dict>
			<key>fileRef</key>
			<string>FD89E2B517CB99F000A41D91</string>
			<key>isa</key>
			<string>PBXBuildFile</string>
		</dict>
		<key>FD89E2B717CB99F000A41D91</key>
		<dict>
			<key>isa</key>
			<string>PBXFileReference</string>
			<key>lastKnownFileType</key>
			<string>image.png</string>
			<key>path</key>
			<string>Default.png</string>
			<key>sourceTree</key>
			<string>&lt;group&gt;</string>
		</dict>
		<key>FD89E2B817CB99F000A41D91</key>
		<dict>
			<key>fileRef</key>
			<string>FD89E2B717CB99F000A41D91</string>
			<key>isa</key>
			<string>PBXBuildFile</string>
		</dict>
		<key>FD89E2B917CB99F000A41D91</key>
		<dict>
			<key>isa</key>
			<string>PBXFileReference</string>
			<key>lastKnownFileType</key>
			<string>image.png</string>
			<key>path</key>
			<string>Default@2x.png</string>
			<key>sourceTree</key>
			<string>&lt;group&gt;</string>
		</dict>
		<key>FD89E2BA17CB99F000A41D91</key>
		<dict>
			<key>fileRef</key>
			<string>FD89E2B917CB99F000A41D91</string>
			<key>isa</key>
			<string>PBXBuildFile</string>
		</dict>
		<key>FD89E2BB17CB99F000A41D91</key>
		<dict>
			<key>isa</key>
			<string>PBXFileReference</string>
			<key>lastKnownFileType</key>
			<string>image.png</string>
			<key>path</key>
			<string>Default-568h@2x.png</string>
			<key>sourceTree</key>
			<string>&lt;group&gt;</string>
		</dict>
		<key>FD89E2BC17CB99F000A41D91</key>
		<dict>
			<key>fileRef</key>
			<string>FD89E2BB17CB99F000A41D91</string>
			<key>isa</key>
			<string>PBXBuildFile</string>
		</dict>
		<key>FD89E2BD17CB99F000A41D91</key>
		<dict>
			<key>buildConfigurations</key>
			<array>
				<string>FD89E2BE17CB99F000A41D91</string>
				<string>FD89E2BF17CB99F000A41D91</string>
			</array>
			<key>defaultConfigurationIsVisible</key>
			<string>0</string>
			<key>defaultConfigurationName</key>
			<string>Release</string>
			<key>isa</key>
			<string>XCConfigurationList</string>
		</dict>
		<key>FD89E2BE17CB99F000A41D91</key>
		<dict>
			<key>buildSettings</key>
			<dict>
				<key>CODE_SIGN_IDENTITY[sdk=iphoneos*]</key>
				<string>iPhone Developer</string>
				<key>GCC_PRECOMPILE_PREFIX_HEADER</key>
				<string>YES</string>
				<key>GCC_PREFIX_HEADER</key>
				<string>FSImageViewerDemo/FSImageViewerDemo-Prefix.pch</string>
				<key>INFOPLIST_FILE</key>
				<string>FSImageViewerDemo/FSImageViewerDemo-Info.plist</string>
				<key>PRODUCT_NAME</key>
				<string>$(TARGET_NAME)</string>
				<key>TARGETED_DEVICE_FAMILY</key>
				<string>1,2</string>
				<key>WRAPPER_EXTENSION</key>
				<string>app</string>
			</dict>
			<key>isa</key>
			<string>XCBuildConfiguration</string>
			<key>name</key>
			<string>Debug</string>
		</dict>
		<key>FD89E2BF17CB99F000A41D91</key>
		<dict>
			<key>buildSettings</key>
			<dict>
				<key>CODE_SIGN_IDENTITY[sdk=iphoneos*]</key>
				<string>iPhone Developer</string>
				<key>GCC_PRECOMPILE_PREFIX_HEADER</key>
				<string>YES</string>
				<key>GCC_PREFIX_HEADER</key>
				<string>FSImageViewerDemo/FSImageViewerDemo-Prefix.pch</string>
				<key>INFOPLIST_FILE</key>
				<string>FSImageViewerDemo/FSImageViewerDemo-Info.plist</string>
				<key>OTHER_CFLAGS</key>
				<string>-DNS_BLOCK_ASSERTIONS=1</string>
				<key>PRODUCT_NAME</key>
				<string>$(TARGET_NAME)</string>
				<key>TARGETED_DEVICE_FAMILY</key>
				<string>1,2</string>
				<key>WRAPPER_EXTENSION</key>
				<string>app</string>
			</dict>
			<key>isa</key>
			<string>XCBuildConfiguration</string>
			<key>name</key>
			<string>Release</string>
		</dict>
		<key>FD89E2C017CB9A0700A41D91</key>
		<dict>
			<key>fileEncoding</key>
			<string>4</string>
			<key>isa</key>
			<string>PBXFileReference</string>
			<key>lastKnownFileType</key>
			<string>sourcecode.c.h</string>
			<key>path</key>
			<string>FSImage.h</string>
			<key>sourceTree</key>
			<string>&lt;group&gt;</string>
		</dict>
		<key>FD89E2C117CB9A0700A41D91</key>
		<dict>
			<key>fileEncoding</key>
			<string>4</string>
			<key>isa</key>
			<string>PBXFileReference</string>
			<key>lastKnownFileType</key>
			<string>sourcecode.c.h</string>
			<key>path</key>
			<string>FSImageLoader.h</string>
			<key>sourceTree</key>
			<string>&lt;group&gt;</string>
		</dict>
		<key>FD89E2C217CB9A0700A41D91</key>
		<dict>
			<key>fileEncoding</key>
			<string>4</string>
			<key>isa</key>
			<string>PBXFileReference</string>
			<key>lastKnownFileType</key>
			<string>sourcecode.c.objc</string>
			<key>path</key>
			<string>FSImageLoader.m</string>
			<key>sourceTree</key>
			<string>&lt;group&gt;</string>
		</dict>
		<key>FD89E2C317CB9A0700A41D91</key>
		<dict>
			<key>fileEncoding</key>
			<string>4</string>
			<key>isa</key>
			<string>PBXFileReference</string>
			<key>lastKnownFileType</key>
			<string>sourcecode.c.h</string>
			<key>path</key>
			<string>FSImageScrollView.h</string>
			<key>sourceTree</key>
			<string>&lt;group&gt;</string>
		</dict>
		<key>FD89E2C417CB9A0700A41D91</key>
		<dict>
			<key>fileEncoding</key>
			<string>4</string>
			<key>isa</key>
			<string>PBXFileReference</string>
			<key>lastKnownFileType</key>
			<string>sourcecode.c.objc</string>
			<key>path</key>
			<string>FSImageScrollView.m</string>
			<key>sourceTree</key>
			<string>&lt;group&gt;</string>
		</dict>
		<key>FD89E2C517CB9A0700A41D91</key>
		<dict>
			<key>fileEncoding</key>
			<string>4</string>
			<key>isa</key>
			<string>PBXFileReference</string>
			<key>lastKnownFileType</key>
			<string>sourcecode.c.h</string>
			<key>path</key>
			<string>FSImageSource.h</string>
			<key>sourceTree</key>
			<string>&lt;group&gt;</string>
		</dict>
		<key>FD89E2C617CB9A0700A41D91</key>
		<dict>
			<key>fileEncoding</key>
			<string>4</string>
			<key>isa</key>
			<string>PBXFileReference</string>
			<key>lastKnownFileType</key>
			<string>sourcecode.c.h</string>
			<key>path</key>
			<string>FSImageTitleView.h</string>
			<key>sourceTree</key>
			<string>&lt;group&gt;</string>
		</dict>
		<key>FD89E2C717CB9A0700A41D91</key>
		<dict>
			<key>fileEncoding</key>
			<string>4</string>
			<key>isa</key>
			<string>PBXFileReference</string>
			<key>lastKnownFileType</key>
			<string>sourcecode.c.objc</string>
			<key>path</key>
			<string>FSImageTitleView.m</string>
			<key>sourceTree</key>
			<string>&lt;group&gt;</string>
		</dict>
		<key>FD89E2C817CB9A0700A41D91</key>
		<dict>
			<key>fileEncoding</key>
			<string>4</string>
			<key>isa</key>
			<string>PBXFileReference</string>
			<key>lastKnownFileType</key>
			<string>sourcecode.c.h</string>
			<key>path</key>
			<string>FSImageView.h</string>
			<key>sourceTree</key>
			<string>&lt;group&gt;</string>
		</dict>
		<key>FD89E2C917CB9A0700A41D91</key>
		<dict>
			<key>fileEncoding</key>
			<string>4</string>
			<key>isa</key>
			<string>PBXFileReference</string>
			<key>lastKnownFileType</key>
			<string>sourcecode.c.objc</string>
			<key>path</key>
			<string>FSImageView.m</string>
			<key>sourceTree</key>
			<string>&lt;group&gt;</string>
		</dict>
		<key>FD89E2CA17CB9A0700A41D91</key>
		<dict>
			<key>fileRef</key>
			<string>FD89E2C217CB9A0700A41D91</string>
			<key>isa</key>
			<string>PBXBuildFile</string>
		</dict>
		<key>FD89E2CB17CB9A0700A41D91</key>
		<dict>
			<key>fileRef</key>
			<string>FD89E2C417CB9A0700A41D91</string>
			<key>isa</key>
			<string>PBXBuildFile</string>
		</dict>
		<key>FD89E2CC17CB9A0700A41D91</key>
		<dict>
			<key>fileRef</key>
			<string>FD89E2C717CB9A0700A41D91</string>
			<key>isa</key>
			<string>PBXBuildFile</string>
		</dict>
		<key>FD89E2CD17CB9A0700A41D91</key>
		<dict>
			<key>fileRef</key>
			<string>FD89E2C917CB9A0700A41D91</string>
			<key>isa</key>
			<string>PBXBuildFile</string>
		</dict>
		<key>FD89E2CE17CB9A0E00A41D91</key>
		<dict>
			<key>fileEncoding</key>
			<string>4</string>
			<key>isa</key>
			<string>PBXFileReference</string>
			<key>lastKnownFileType</key>
			<string>sourcecode.c.h</string>
			<key>path</key>
			<string>FSImageViewerViewController.h</string>
			<key>sourceTree</key>
			<string>&lt;group&gt;</string>
		</dict>
		<key>FD89E2CF17CB9A0E00A41D91</key>
		<dict>
			<key>fileEncoding</key>
			<string>4</string>
			<key>isa</key>
			<string>PBXFileReference</string>
			<key>lastKnownFileType</key>
			<string>sourcecode.c.objc</string>
			<key>path</key>
			<string>FSImageViewerViewController.m</string>
			<key>sourceTree</key>
			<string>&lt;group&gt;</string>
		</dict>
		<key>FD89E2D017CB9A0E00A41D91</key>
		<dict>
			<key>fileEncoding</key>
			<string>4</string>
			<key>isa</key>
			<string>PBXFileReference</string>
			<key>lastKnownFileType</key>
			<string>sourcecode.c.h</string>
			<key>path</key>
			<string>FSPlaceholderImages.h</string>
			<key>sourceTree</key>
			<string>&lt;group&gt;</string>
		</dict>
		<key>FD89E2D117CB9A0E00A41D91</key>
		<dict>
			<key>fileEncoding</key>
			<string>4</string>
			<key>isa</key>
			<string>PBXFileReference</string>
			<key>lastKnownFileType</key>
			<string>sourcecode.c.objc</string>
			<key>path</key>
			<string>FSPlaceholderImages.m</string>
			<key>sourceTree</key>
			<string>&lt;group&gt;</string>
		</dict>
		<key>FD89E2D217CB9A0E00A41D91</key>
		<dict>
			<key>fileRef</key>
			<string>FD89E2CF17CB9A0E00A41D91</string>
			<key>isa</key>
			<string>PBXBuildFile</string>
		</dict>
		<key>FD89E2D317CB9A0E00A41D91</key>
		<dict>
			<key>fileRef</key>
			<string>FD89E2D117CB9A0E00A41D91</string>
			<key>isa</key>
			<string>PBXBuildFile</string>
		</dict>
		<key>FD89E2D817CB9A4400A41D91</key>
		<dict>
			<key>fileEncoding</key>
			<string>4</string>
			<key>isa</key>
			<string>PBXFileReference</string>
			<key>lastKnownFileType</key>
			<string>sourcecode.c.h</string>
			<key>path</key>
			<string>FSDemoViewController.h</string>
			<key>sourceTree</key>
			<string>&lt;group&gt;</string>
		</dict>
		<key>FD89E2D917CB9A4400A41D91</key>
		<dict>
			<key>fileEncoding</key>
			<string>4</string>
			<key>isa</key>
			<string>PBXFileReference</string>
			<key>lastKnownFileType</key>
			<string>sourcecode.c.objc</string>
			<key>path</key>
			<string>FSDemoViewController.m</string>
			<key>sourceTree</key>
			<string>&lt;group&gt;</string>
		</dict>
		<key>FD89E2DA17CB9A4400A41D91</key>
		<dict>
			<key>fileEncoding</key>
			<string>4</string>
			<key>isa</key>
			<string>PBXFileReference</string>
			<key>lastKnownFileType</key>
			<string>file.xib</string>
			<key>path</key>
			<string>FSDemoViewController.xib</string>
			<key>sourceTree</key>
			<string>&lt;group&gt;</string>
		</dict>
		<key>FD89E2DD17CB9A4400A41D91</key>
		<dict>
			<key>fileRef</key>
			<string>FD89E2D917CB9A4400A41D91</string>
			<key>isa</key>
			<string>PBXBuildFile</string>
		</dict>
		<key>FD89E2DE17CB9A4400A41D91</key>
		<dict>
			<key>fileRef</key>
			<string>FD89E2DA17CB9A4400A41D91</string>
			<key>isa</key>
			<string>PBXBuildFile</string>
		</dict>
		<key>FDBD662A193B054F006D3BF6</key>
		<dict>
			<key>buildActionMask</key>
			<string>2147483647</string>
			<key>files</key>
			<array>
				<string>FDCB0B27193B956500F8B8A1</string>
				<string>FDBD663A193B054F006D3BF6</string>
			</array>
			<key>isa</key>
			<string>PBXSourcesBuildPhase</string>
			<key>runOnlyForDeploymentPostprocessing</key>
			<string>0</string>
		</dict>
		<key>FDBD662B193B054F006D3BF6</key>
		<dict>
			<key>buildActionMask</key>
			<string>2147483647</string>
			<key>files</key>
			<array>
				<string>FDCB0B25193B90C200F8B8A1</string>
				<string>FDBD6630193B054F006D3BF6</string>
				<string>FDBD6632193B054F006D3BF6</string>
				<string>FDBD6631193B054F006D3BF6</string>
				<string>69855A85F6C241808F6F609F</string>
			</array>
			<key>isa</key>
			<string>PBXFrameworksBuildPhase</string>
			<key>runOnlyForDeploymentPostprocessing</key>
			<string>0</string>
		</dict>
		<key>FDBD662C193B054F006D3BF6</key>
		<dict>
			<key>buildActionMask</key>
			<string>2147483647</string>
			<key>files</key>
			<array>
				<string>FDBD6638193B054F006D3BF6</string>
			</array>
			<key>isa</key>
			<string>PBXResourcesBuildPhase</string>
			<key>runOnlyForDeploymentPostprocessing</key>
			<string>0</string>
		</dict>
		<key>FDBD662D193B054F006D3BF6</key>
		<dict>
			<key>buildConfigurationList</key>
			<string>FDBD6640193B054F006D3BF6</string>
			<key>buildPhases</key>
			<array>
				<string>E172C5EA369C4663AD247B30</string>
				<string>FDBD662A193B054F006D3BF6</string>
				<string>FDBD662B193B054F006D3BF6</string>
				<string>FDBD662C193B054F006D3BF6</string>
				<string>E9DCDA9D0E3F44EB95291CBC</string>
			</array>
			<key>buildRules</key>
			<array/>
			<key>dependencies</key>
			<array>
				<string>FDBD663D193B054F006D3BF6</string>
			</array>
			<key>isa</key>
			<string>PBXNativeTarget</string>
			<key>name</key>
			<string>FSImageViewerTests</string>
			<key>productName</key>
			<string>FSImageViewerTests</string>
			<key>productReference</key>
			<string>FDBD662E193B054F006D3BF6</string>
			<key>productType</key>
			<string>com.apple.product-type.bundle.unit-test</string>
		</dict>
		<key>FDBD662E193B054F006D3BF6</key>
		<dict>
			<key>explicitFileType</key>
			<string>wrapper.cfbundle</string>
			<key>includeInIndex</key>
			<string>0</string>
			<key>isa</key>
			<string>PBXFileReference</string>
			<key>path</key>
			<string>FSImageViewerTests.xctest</string>
			<key>sourceTree</key>
			<string>BUILT_PRODUCTS_DIR</string>
		</dict>
		<key>FDBD662F193B054F006D3BF6</key>
		<dict>
			<key>isa</key>
			<string>PBXFileReference</string>
			<key>lastKnownFileType</key>
			<string>wrapper.framework</string>
			<key>name</key>
			<string>XCTest.framework</string>
			<key>path</key>
			<string>Library/Frameworks/XCTest.framework</string>
			<key>sourceTree</key>
			<string>DEVELOPER_DIR</string>
		</dict>
		<key>FDBD6630193B054F006D3BF6</key>
		<dict>
			<key>fileRef</key>
			<string>FDBD662F193B054F006D3BF6</string>
			<key>isa</key>
			<string>PBXBuildFile</string>
		</dict>
		<key>FDBD6631193B054F006D3BF6</key>
		<dict>
			<key>fileRef</key>
			<string>FD89E29317CB99D900A41D91</string>
			<key>isa</key>
			<string>PBXBuildFile</string>
		</dict>
		<key>FDBD6632193B054F006D3BF6</key>
		<dict>
			<key>fileRef</key>
			<string>FD89E2A617CB99F000A41D91</string>
			<key>isa</key>
			<string>PBXBuildFile</string>
		</dict>
		<key>FDBD6633193B054F006D3BF6</key>
		<dict>
			<key>children</key>
			<array>
				<string>FDBD6639193B054F006D3BF6</string>
				<string>FDCB0B26193B956500F8B8A1</string>
				<string>FDBD6634193B054F006D3BF6</string>
			</array>
			<key>isa</key>
			<string>PBXGroup</string>
			<key>path</key>
			<string>FSImageViewerTests</string>
			<key>sourceTree</key>
			<string>&lt;group&gt;</string>
		</dict>
		<key>FDBD6634193B054F006D3BF6</key>
		<dict>
			<key>children</key>
			<array>
				<string>FDBD6635193B054F006D3BF6</string>
				<string>FDBD6636193B054F006D3BF6</string>
				<string>FDBD663B193B054F006D3BF6</string>
			</array>
			<key>isa</key>
			<string>PBXGroup</string>
			<key>name</key>
			<string>Supporting Files</string>
			<key>sourceTree</key>
			<string>&lt;group&gt;</string>
		</dict>
		<key>FDBD6635193B054F006D3BF6</key>
		<dict>
			<key>isa</key>
			<string>PBXFileReference</string>
			<key>lastKnownFileType</key>
			<string>text.plist.xml</string>
			<key>path</key>
			<string>FSImageViewerTests-Info.plist</string>
			<key>sourceTree</key>
			<string>&lt;group&gt;</string>
		</dict>
		<key>FDBD6636193B054F006D3BF6</key>
		<dict>
			<key>children</key>
			<array>
				<string>FDBD6637193B054F006D3BF6</string>
			</array>
			<key>isa</key>
			<string>PBXVariantGroup</string>
			<key>name</key>
			<string>InfoPlist.strings</string>
			<key>sourceTree</key>
			<string>&lt;group&gt;</string>
		</dict>
		<key>FDBD6637193B054F006D3BF6</key>
		<dict>
			<key>isa</key>
			<string>PBXFileReference</string>
			<key>lastKnownFileType</key>
			<string>text.plist.strings</string>
			<key>name</key>
			<string>en</string>
			<key>path</key>
			<string>en.lproj/InfoPlist.strings</string>
			<key>sourceTree</key>
			<string>&lt;group&gt;</string>
		</dict>
		<key>FDBD6638193B054F006D3BF6</key>
		<dict>
			<key>fileRef</key>
			<string>FDBD6636193B054F006D3BF6</string>
			<key>isa</key>
			<string>PBXBuildFile</string>
		</dict>
		<key>FDBD6639193B054F006D3BF6</key>
		<dict>
			<key>isa</key>
			<string>PBXFileReference</string>
			<key>lastKnownFileType</key>
			<string>sourcecode.c.objc</string>
			<key>path</key>
			<string>FSImageTitleViewTests.m</string>
			<key>sourceTree</key>
			<string>&lt;group&gt;</string>
		</dict>
		<key>FDBD663A193B054F006D3BF6</key>
		<dict>
			<key>fileRef</key>
			<string>FDBD6639193B054F006D3BF6</string>
			<key>isa</key>
			<string>PBXBuildFile</string>
		</dict>
		<key>FDBD663B193B054F006D3BF6</key>
		<dict>
			<key>isa</key>
			<string>PBXFileReference</string>
			<key>lastKnownFileType</key>
			<string>sourcecode.c.h</string>
			<key>path</key>
			<string>FSImageViewerTests-Prefix.pch</string>
			<key>sourceTree</key>
			<string>&lt;group&gt;</string>
		</dict>
		<key>FDBD663C193B054F006D3BF6</key>
		<dict>
			<key>containerPortal</key>
			<string>FD89E28817CB99D900A41D91</string>
			<key>isa</key>
			<string>PBXContainerItemProxy</string>
			<key>proxyType</key>
			<string>1</string>
			<key>remoteGlobalIDString</key>
			<string>FD89E28F17CB99D900A41D91</string>
			<key>remoteInfo</key>
			<string>FSImageViewer</string>
		</dict>
		<key>FDBD663D193B054F006D3BF6</key>
		<dict>
			<key>isa</key>
			<string>PBXTargetDependency</string>
			<key>target</key>
			<string>FD89E28F17CB99D900A41D91</string>
			<key>targetProxy</key>
			<string>FDBD663C193B054F006D3BF6</string>
		</dict>
		<key>FDBD663E193B054F006D3BF6</key>
		<dict>
			<key>baseConfigurationReference</key>
			<string>F438121ACBFC9888194F99FE</string>
			<key>buildSettings</key>
			<dict>
				<key>CLANG_ENABLE_MODULES</key>
				<string>YES</string>
				<key>CLANG_WARN_BOOL_CONVERSION</key>
				<string>YES</string>
				<key>CLANG_WARN_DIRECT_OBJC_ISA_USAGE</key>
				<string>YES_ERROR</string>
				<key>CLANG_WARN_OBJC_ROOT_CLASS</key>
				<string>YES_ERROR</string>
				<key>FRAMEWORK_SEARCH_PATHS</key>
				<array>
					<string>$(SDKROOT)/Developer/Library/Frameworks</string>
					<string>$(inherited)</string>
					<string>$(DEVELOPER_FRAMEWORKS_DIR)</string>
				</array>
				<key>GCC_PRECOMPILE_PREFIX_HEADER</key>
				<string>YES</string>
				<key>GCC_PREFIX_HEADER</key>
				<string>FSImageViewerTests/FSImageViewerTests-Prefix.pch</string>
				<key>GCC_PREPROCESSOR_DEFINITIONS</key>
				<array>
					<string>DEBUG=1</string>
					<string>$(inherited)</string>
				</array>
				<key>GCC_TREAT_WARNINGS_AS_ERRORS</key>
				<string>NO</string>
				<key>GCC_WARN_ABOUT_RETURN_TYPE</key>
				<string>YES_ERROR</string>
				<key>GCC_WARN_UNDECLARED_SELECTOR</key>
				<string>YES</string>
				<key>GCC_WARN_UNINITIALIZED_AUTOS</key>
				<string>YES_AGGRESSIVE</string>
				<key>GCC_WARN_UNUSED_FUNCTION</key>
				<string>YES</string>
				<key>INFOPLIST_FILE</key>
				<string>FSImageViewerTests/FSImageViewerTests-Info.plist</string>
				<key>IPHONEOS_DEPLOYMENT_TARGET</key>
				<string>7.1</string>
				<key>PRODUCT_NAME</key>
				<string>$(TARGET_NAME)</string>
				<key>WRAPPER_EXTENSION</key>
				<string>xctest</string>
			</dict>
			<key>isa</key>
			<string>XCBuildConfiguration</string>
			<key>name</key>
			<string>Debug</string>
		</dict>
		<key>FDBD663F193B054F006D3BF6</key>
		<dict>
			<key>baseConfigurationReference</key>
			<string>EAB987CD32B1D53A7F4A3B72</string>
			<key>buildSettings</key>
			<dict>
				<key>CLANG_ENABLE_MODULES</key>
				<string>YES</string>
				<key>CLANG_WARN_BOOL_CONVERSION</key>
				<string>YES</string>
				<key>CLANG_WARN_DIRECT_OBJC_ISA_USAGE</key>
				<string>YES_ERROR</string>
				<key>CLANG_WARN_OBJC_ROOT_CLASS</key>
				<string>YES_ERROR</string>
				<key>ENABLE_NS_ASSERTIONS</key>
				<string>NO</string>
				<key>FRAMEWORK_SEARCH_PATHS</key>
				<array>
					<string>$(SDKROOT)/Developer/Library/Frameworks</string>
					<string>$(inherited)</string>
					<string>$(DEVELOPER_FRAMEWORKS_DIR)</string>
				</array>
				<key>GCC_PRECOMPILE_PREFIX_HEADER</key>
				<string>YES</string>
				<key>GCC_PREFIX_HEADER</key>
				<string>FSImageViewerTests/FSImageViewerTests-Prefix.pch</string>
				<key>GCC_TREAT_WARNINGS_AS_ERRORS</key>
				<string>NO</string>
				<key>GCC_WARN_ABOUT_RETURN_TYPE</key>
				<string>YES_ERROR</string>
				<key>GCC_WARN_UNDECLARED_SELECTOR</key>
				<string>YES</string>
				<key>GCC_WARN_UNINITIALIZED_AUTOS</key>
				<string>YES_AGGRESSIVE</string>
				<key>GCC_WARN_UNUSED_FUNCTION</key>
				<string>YES</string>
				<key>INFOPLIST_FILE</key>
				<string>FSImageViewerTests/FSImageViewerTests-Info.plist</string>
				<key>IPHONEOS_DEPLOYMENT_TARGET</key>
				<string>7.1</string>
				<key>PRODUCT_NAME</key>
				<string>$(TARGET_NAME)</string>
				<key>WRAPPER_EXTENSION</key>
				<string>xctest</string>
			</dict>
			<key>isa</key>
			<string>XCBuildConfiguration</string>
			<key>name</key>
			<string>Release</string>
		</dict>
		<key>FDBD6640193B054F006D3BF6</key>
		<dict>
			<key>buildConfigurations</key>
			<array>
				<string>FDBD663E193B054F006D3BF6</string>
				<string>FDBD663F193B054F006D3BF6</string>
			</array>
			<key>defaultConfigurationIsVisible</key>
			<string>0</string>
			<key>defaultConfigurationName</key>
			<string>Release</string>
			<key>isa</key>
			<string>XCConfigurationList</string>
		</dict>
		<key>FDCB0B25193B90C200F8B8A1</key>
		<dict>
			<key>fileRef</key>
			<string>FD89E29017CB99D900A41D91</string>
			<key>isa</key>
			<string>PBXBuildFile</string>
		</dict>
		<key>FDCB0B26193B956500F8B8A1</key>
		<dict>
			<key>fileEncoding</key>
			<string>4</string>
			<key>isa</key>
			<string>PBXFileReference</string>
			<key>lastKnownFileType</key>
			<string>sourcecode.c.objc</string>
			<key>path</key>
			<string>FSPlaceholderImagesTests.m</string>
			<key>sourceTree</key>
			<string>&lt;group&gt;</string>
		</dict>
		<key>FDCB0B27193B956500F8B8A1</key>
		<dict>
			<key>fileRef</key>
			<string>FDCB0B26193B956500F8B8A1</string>
			<key>isa</key>
			<string>PBXBuildFile</string>
		</dict>
		<key>FDD96CE117CB9ADC00B66931</key>
		<dict>
			<key>fileEncoding</key>
			<string>4</string>
			<key>isa</key>
			<string>PBXFileReference</string>
			<key>lastKnownFileType</key>
			<string>sourcecode.c.h</string>
			<key>path</key>
			<string>FSImageViewer.h</string>
			<key>sourceTree</key>
			<string>&lt;group&gt;</string>
		</dict>
		<key>FDD96CE217CB9B7000B66931</key>
		<dict>
			<key>containerPortal</key>
			<string>FD89E28817CB99D900A41D91</string>
			<key>isa</key>
			<string>PBXContainerItemProxy</string>
			<key>proxyType</key>
			<string>1</string>
			<key>remoteGlobalIDString</key>
			<string>FD89E28F17CB99D900A41D91</string>
			<key>remoteInfo</key>
			<string>FSImageViewer</string>
		</dict>
		<key>FDD96CE317CB9B7000B66931</key>
		<dict>
			<key>isa</key>
			<string>PBXTargetDependency</string>
			<key>target</key>
			<string>FD89E28F17CB99D900A41D91</string>
			<key>targetProxy</key>
			<string>FDD96CE217CB9B7000B66931</string>
		</dict>
		<key>FDD96CE417CB9B7400B66931</key>
		<dict>
			<key>fileRef</key>
			<string>FD89E29017CB99D900A41D91</string>
			<key>isa</key>
			<string>PBXBuildFile</string>
		</dict>
		<key>FDD96CE517CB9B8000B66931</key>
		<dict>
			<key>isa</key>
			<string>PBXFileReference</string>
			<key>lastKnownFileType</key>
			<string>wrapper.framework</string>
			<key>name</key>
			<string>QuartzCore.framework</string>
			<key>path</key>
			<string>System/Library/Frameworks/QuartzCore.framework</string>
			<key>sourceTree</key>
			<string>SDKROOT</string>
		</dict>
		<key>FDD96CE717CB9B8500B66931</key>
		<dict>
			<key>isa</key>
			<string>PBXFileReference</string>
			<key>lastKnownFileType</key>
			<string>wrapper.framework</string>
			<key>name</key>
			<string>Security.framework</string>
			<key>path</key>
			<string>System/Library/Frameworks/Security.framework</string>
			<key>sourceTree</key>
			<string>SDKROOT</string>
		</dict>
		<key>FDD96CE917CB9B8800B66931</key>
		<dict>
			<key>isa</key>
			<string>PBXFileReference</string>
			<key>lastKnownFileType</key>
			<string>wrapper.framework</string>
			<key>name</key>
			<string>CFNetwork.framework</string>
			<key>path</key>
			<string>System/Library/Frameworks/CFNetwork.framework</string>
			<key>sourceTree</key>
			<string>SDKROOT</string>
		</dict>
		<key>FDD96CEB17CB9B9000B66931</key>
		<dict>
			<key>fileRef</key>
			<string>FDD96CE917CB9B8800B66931</string>
			<key>isa</key>
			<string>PBXBuildFile</string>
		</dict>
		<key>FDD96CEC17CB9B9100B66931</key>
		<dict>
			<key>fileRef</key>
			<string>FDD96CE717CB9B8500B66931</string>
			<key>isa</key>
			<string>PBXBuildFile</string>
		</dict>
		<key>FDD96CED17CB9B9300B66931</key>
		<dict>
			<key>fileRef</key>
			<string>FDD96CE517CB9B8000B66931</string>
			<key>isa</key>
			<string>PBXBuildFile</string>
		</dict>
	</dict>
	<key>rootObject</key>
	<string>FD89E28817CB99D900A41D91</string>
</dict>
</plist>
