// !$*UTF8*$!
{
	archiveVersion = 1;
	classes = {
	};
	objectVersion = 46;
	objects = {

/* Begin PBXBuildFile section */
		53EF70271A9A38B9000FBFE2 /* Images.xcassets in Resources */ = {isa = PBXBuildFile; fileRef = 53EF70261A9A38B9000FBFE2 /* Images.xcassets */; };
		5AB0DA258592480FB4099411 /* libPods.a in Frameworks */ = {isa = PBXBuildFile; fileRef = 746D153768E9481F8194ECCE /* libPods.a */; };
		69855A85F6C241808F6F609F /* libPods-FSImageViewerTests.a in Frameworks */ = {isa = PBXBuildFile; fileRef = 3E4F4DB52EA04D489651AD23 /* libPods-FSImageViewerTests.a */; };
		FD0FEFBB17D77F1C00470082 /* FSBasicImageSource.m in Sources */ = {isa = PBXBuildFile; fileRef = FD0FEFBA17D77F1C00470082 /* FSBasicImageSource.m */; };
		FD0FEFBF17D781EF00470082 /* FSBasicImage.m in Sources */ = {isa = PBXBuildFile; fileRef = FD0FEFBE17D781EF00470082 /* FSBasicImage.m */; };
		FD37CEC0181EBA5700606D81 /* FSImageViewer.bundle in Resources */ = {isa = PBXBuildFile; fileRef = FD37CEBF181EBA5700606D81 /* FSImageViewer.bundle */; };
		FD89E29417CB99D900A41D91 /* Foundation.framework in Frameworks */ = {isa = PBXBuildFile; fileRef = FD89E29317CB99D900A41D91 /* Foundation.framework */; };
		FD89E2A717CB99F000A41D91 /* UIKit.framework in Frameworks */ = {isa = PBXBuildFile; fileRef = FD89E2A617CB99F000A41D91 /* UIKit.framework */; };
		FD89E2A817CB99F000A41D91 /* Foundation.framework in Frameworks */ = {isa = PBXBuildFile; fileRef = FD89E29317CB99D900A41D91 /* Foundation.framework */; };
		FD89E2AA17CB99F000A41D91 /* CoreGraphics.framework in Frameworks */ = {isa = PBXBuildFile; fileRef = FD89E2A917CB99F000A41D91 /* CoreGraphics.framework */; };
		FD89E2B017CB99F000A41D91 /* InfoPlist.strings in Resources */ = {isa = PBXBuildFile; fileRef = FD89E2AE17CB99F000A41D91 /* InfoPlist.strings */; };
		FD89E2B217CB99F000A41D91 /* main.m in Sources */ = {isa = PBXBuildFile; fileRef = FD89E2B117CB99F000A41D91 /* main.m */; };
		FD89E2B617CB99F000A41D91 /* FSAppDelegate.m in Sources */ = {isa = PBXBuildFile; fileRef = FD89E2B517CB99F000A41D91 /* FSAppDelegate.m */; };
		FD89E2CA17CB9A0700A41D91 /* FSImageLoader.m in Sources */ = {isa = PBXBuildFile; fileRef = FD89E2C217CB9A0700A41D91 /* FSImageLoader.m */; };
		FD89E2CB17CB9A0700A41D91 /* FSImageScrollView.m in Sources */ = {isa = PBXBuildFile; fileRef = FD89E2C417CB9A0700A41D91 /* FSImageScrollView.m */; };
		FD89E2CC17CB9A0700A41D91 /* FSImageTitleView.m in Sources */ = {isa = PBXBuildFile; fileRef = FD89E2C717CB9A0700A41D91 /* FSImageTitleView.m */; };
		FD89E2CD17CB9A0700A41D91 /* FSImageView.m in Sources */ = {isa = PBXBuildFile; fileRef = FD89E2C917CB9A0700A41D91 /* FSImageView.m */; };
		FD89E2D217CB9A0E00A41D91 /* FSImageViewerViewController.m in Sources */ = {isa = PBXBuildFile; fileRef = FD89E2CF17CB9A0E00A41D91 /* FSImageViewerViewController.m */; };
		FD89E2D317CB9A0E00A41D91 /* FSPlaceholderImages.m in Sources */ = {isa = PBXBuildFile; fileRef = FD89E2D117CB9A0E00A41D91 /* FSPlaceholderImages.m */; };
		FD89E2DD17CB9A4400A41D91 /* FSDemoViewController.m in Sources */ = {isa = PBXBuildFile; fileRef = FD89E2D917CB9A4400A41D91 /* FSDemoViewController.m */; };
		FD89E2DE17CB9A4400A41D91 /* FSDemoViewController.xib in Resources */ = {isa = PBXBuildFile; fileRef = FD89E2DA17CB9A4400A41D91 /* FSDemoViewController.xib */; };
		FD8B868C1BAD6F2400EA0D5D /* FSImageViewTests.m in Sources */ = {isa = PBXBuildFile; fileRef = FD8B868B1BAD6F2400EA0D5D /* FSImageViewTests.m */; settings = {ASSET_TAGS = (); }; };
		FD8B868E1BAD97DC00EA0D5D /* Testimage.jpg in Resources */ = {isa = PBXBuildFile; fileRef = FD8B868D1BAD97DC00EA0D5D /* Testimage.jpg */; settings = {ASSET_TAGS = (); }; };
		FD8B86921BAD986B00EA0D5D /* FSTestImageHelper.m in Sources */ = {isa = PBXBuildFile; fileRef = FD8B86911BAD986B00EA0D5D /* FSTestImageHelper.m */; settings = {ASSET_TAGS = (); }; };
		FD8B86941BAD9C0B00EA0D5D /* FSBasicImageSourceTests.m in Sources */ = {isa = PBXBuildFile; fileRef = FD8B86931BAD9C0B00EA0D5D /* FSBasicImageSourceTests.m */; settings = {ASSET_TAGS = (); }; };
		FDBD6630193B054F006D3BF6 /* XCTest.framework in Frameworks */ = {isa = PBXBuildFile; fileRef = FDBD662F193B054F006D3BF6 /* XCTest.framework */; };
		FDBD6631193B054F006D3BF6 /* Foundation.framework in Frameworks */ = {isa = PBXBuildFile; fileRef = FD89E29317CB99D900A41D91 /* Foundation.framework */; };
		FDBD6632193B054F006D3BF6 /* UIKit.framework in Frameworks */ = {isa = PBXBuildFile; fileRef = FD89E2A617CB99F000A41D91 /* UIKit.framework */; };
		FDBD6638193B054F006D3BF6 /* InfoPlist.strings in Resources */ = {isa = PBXBuildFile; fileRef = FDBD6636193B054F006D3BF6 /* InfoPlist.strings */; };
		FDBD663A193B054F006D3BF6 /* FSImageTitleViewTests.m in Sources */ = {isa = PBXBuildFile; fileRef = FDBD6639193B054F006D3BF6 /* FSImageTitleViewTests.m */; };
		FDCB0B27193B956500F8B8A1 /* FSPlaceholderImagesTests.m in Sources */ = {isa = PBXBuildFile; fileRef = FDCB0B26193B956500F8B8A1 /* FSPlaceholderImagesTests.m */; };
		FDD96CE417CB9B7400B66931 /* libFSImageViewer.a in Frameworks */ = {isa = PBXBuildFile; fileRef = FD89E29017CB99D900A41D91 /* libFSImageViewer.a */; };
		FDD96CEB17CB9B9000B66931 /* CFNetwork.framework in Frameworks */ = {isa = PBXBuildFile; fileRef = FDD96CE917CB9B8800B66931 /* CFNetwork.framework */; };
		FDD96CEC17CB9B9100B66931 /* Security.framework in Frameworks */ = {isa = PBXBuildFile; fileRef = FDD96CE717CB9B8500B66931 /* Security.framework */; };
		FDD96CED17CB9B9300B66931 /* QuartzCore.framework in Frameworks */ = {isa = PBXBuildFile; fileRef = FDD96CE517CB9B8000B66931 /* QuartzCore.framework */; };
/* End PBXBuildFile section */

/* Begin PBXContainerItemProxy section */
		FDBD663C193B054F006D3BF6 /* PBXContainerItemProxy */ = {
			isa = PBXContainerItemProxy;
			containerPortal = FD89E28817CB99D900A41D91 /* Project object */;
			proxyType = 1;
			remoteGlobalIDString = FD89E28F17CB99D900A41D91;
			remoteInfo = FSImageViewer;
		};
		FDD96CE217CB9B7000B66931 /* PBXContainerItemProxy */ = {
			isa = PBXContainerItemProxy;
			containerPortal = FD89E28817CB99D900A41D91 /* Project object */;
			proxyType = 1;
			remoteGlobalIDString = FD89E28F17CB99D900A41D91;
			remoteInfo = FSImageViewer;
		};
		FDF817081BAC2C75001337B4 /* PBXContainerItemProxy */ = {
			isa = PBXContainerItemProxy;
			containerPortal = FD89E28817CB99D900A41D91 /* Project object */;
			proxyType = 1;
			remoteGlobalIDString = FD89E2A417CB99F000A41D91;
			remoteInfo = FSImageViewerDemo;
		};
/* End PBXContainerItemProxy section */

/* Begin PBXCopyFilesBuildPhase section */
		FD89E28E17CB99D900A41D91 /* CopyFiles */ = {
			isa = PBXCopyFilesBuildPhase;
			buildActionMask = 2147483647;
			dstPath = "include/${PRODUCT_NAME}";
			dstSubfolderSpec = 16;
			files = (
			);
			runOnlyForDeploymentPostprocessing = 0;
		};
/* End PBXCopyFilesBuildPhase section */

/* Begin PBXFileReference section */
		2926F8C4CE2E738802DA8060 /* Pods.release.xcconfig */ = {isa = PBXFileReference; includeInIndex = 1; lastKnownFileType = text.xcconfig; name = Pods.release.xcconfig; path = "Pods/Target Support Files/Pods/Pods.release.xcconfig"; sourceTree = "<group>"; };
		3E4F4DB52EA04D489651AD23 /* libPods-FSImageViewerTests.a */ = {isa = PBXFileReference; explicitFileType = archive.ar; includeInIndex = 0; path = "libPods-FSImageViewerTests.a"; sourceTree = BUILT_PRODUCTS_DIR; };
		53EF70261A9A38B9000FBFE2 /* Images.xcassets */ = {isa = PBXFileReference; lastKnownFileType = folder.assetcatalog; path = Images.xcassets; sourceTree = "<group>"; };
		589F82D818EDE791007F654A /* FSTitleView.h */ = {isa = PBXFileReference; fileEncoding = 4; lastKnownFileType = sourcecode.c.h; path = FSTitleView.h; sourceTree = "<group>"; };
		746D153768E9481F8194ECCE /* libPods.a */ = {isa = PBXFileReference; explicitFileType = archive.ar; includeInIndex = 0; path = libPods.a; sourceTree = BUILT_PRODUCTS_DIR; };
		85A9CBC49B63FEB31F1448F5 /* Pods.debug.xcconfig */ = {isa = PBXFileReference; includeInIndex = 1; lastKnownFileType = text.xcconfig; name = Pods.debug.xcconfig; path = "Pods/Target Support Files/Pods/Pods.debug.xcconfig"; sourceTree = "<group>"; };
		EAB987CD32B1D53A7F4A3B72 /* Pods-FSImageViewerTests.release.xcconfig */ = {isa = PBXFileReference; includeInIndex = 1; lastKnownFileType = text.xcconfig; name = "Pods-FSImageViewerTests.release.xcconfig"; path = "Pods/Target Support Files/Pods-FSImageViewerTests/Pods-FSImageViewerTests.release.xcconfig"; sourceTree = "<group>"; };
		F438121ACBFC9888194F99FE /* Pods-FSImageViewerTests.debug.xcconfig */ = {isa = PBXFileReference; includeInIndex = 1; lastKnownFileType = text.xcconfig; name = "Pods-FSImageViewerTests.debug.xcconfig"; path = "Pods/Target Support Files/Pods-FSImageViewerTests/Pods-FSImageViewerTests.debug.xcconfig"; sourceTree = "<group>"; };
		FD0FEFB917D77F1C00470082 /* FSBasicImageSource.h */ = {isa = PBXFileReference; fileEncoding = 4; lastKnownFileType = sourcecode.c.h; path = FSBasicImageSource.h; sourceTree = "<group>"; };
		FD0FEFBA17D77F1C00470082 /* FSBasicImageSource.m */ = {isa = PBXFileReference; fileEncoding = 4; lastKnownFileType = sourcecode.c.objc; path = FSBasicImageSource.m; sourceTree = "<group>"; };
		FD0FEFBD17D781EF00470082 /* FSBasicImage.h */ = {isa = PBXFileReference; fileEncoding = 4; lastKnownFileType = sourcecode.c.h; path = FSBasicImage.h; sourceTree = "<group>"; };
		FD0FEFBE17D781EF00470082 /* FSBasicImage.m */ = {isa = PBXFileReference; fileEncoding = 4; lastKnownFileType = sourcecode.c.objc; path = FSBasicImage.m; sourceTree = "<group>"; };
		FD37CEBF181EBA5700606D81 /* FSImageViewer.bundle */ = {isa = PBXFileReference; lastKnownFileType = "wrapper.plug-in"; path = FSImageViewer.bundle; sourceTree = SOURCE_ROOT; };
		FD37CEC1181EBCDC00606D81 /* it */ = {isa = PBXFileReference; lastKnownFileType = text.plist.strings; name = it; path = it.lproj/InfoPlist.strings; sourceTree = "<group>"; };
		FD37CEC2181EBCE000606D81 /* es */ = {isa = PBXFileReference; lastKnownFileType = text.plist.strings; name = es; path = es.lproj/InfoPlist.strings; sourceTree = "<group>"; };
		FD37CEC3181EBCEC00606D81 /* fr */ = {isa = PBXFileReference; lastKnownFileType = text.plist.strings; name = fr; path = fr.lproj/InfoPlist.strings; sourceTree = "<group>"; };
		FD37CEC4181EBCF400606D81 /* nl */ = {isa = PBXFileReference; lastKnownFileType = text.plist.strings; name = nl; path = nl.lproj/InfoPlist.strings; sourceTree = "<group>"; };
		FD37CEC5181EC01700606D81 /* ru */ = {isa = PBXFileReference; lastKnownFileType = text.plist.strings; name = ru; path = ru.lproj/InfoPlist.strings; sourceTree = "<group>"; };
		FD37CEC6181EC01E00606D81 /* de */ = {isa = PBXFileReference; lastKnownFileType = text.plist.strings; name = de; path = de.lproj/InfoPlist.strings; sourceTree = "<group>"; };
		FD89E29017CB99D900A41D91 /* libFSImageViewer.a */ = {isa = PBXFileReference; explicitFileType = archive.ar; includeInIndex = 0; path = libFSImageViewer.a; sourceTree = BUILT_PRODUCTS_DIR; };
		FD89E29317CB99D900A41D91 /* Foundation.framework */ = {isa = PBXFileReference; lastKnownFileType = wrapper.framework; name = Foundation.framework; path = System/Library/Frameworks/Foundation.framework; sourceTree = SDKROOT; };
		FD89E29717CB99D900A41D91 /* FSImageViewer-Prefix.pch */ = {isa = PBXFileReference; lastKnownFileType = sourcecode.c.h; path = "FSImageViewer-Prefix.pch"; sourceTree = "<group>"; };
		FD89E2A517CB99F000A41D91 /* FSImageViewerDemo.app */ = {isa = PBXFileReference; explicitFileType = wrapper.application; includeInIndex = 0; path = FSImageViewerDemo.app; sourceTree = BUILT_PRODUCTS_DIR; };
		FD89E2A617CB99F000A41D91 /* UIKit.framework */ = {isa = PBXFileReference; lastKnownFileType = wrapper.framework; name = UIKit.framework; path = System/Library/Frameworks/UIKit.framework; sourceTree = SDKROOT; };
		FD89E2A917CB99F000A41D91 /* CoreGraphics.framework */ = {isa = PBXFileReference; lastKnownFileType = wrapper.framework; name = CoreGraphics.framework; path = System/Library/Frameworks/CoreGraphics.framework; sourceTree = SDKROOT; };
		FD89E2AD17CB99F000A41D91 /* FSImageViewerDemo-Info.plist */ = {isa = PBXFileReference; lastKnownFileType = text.plist.xml; path = "FSImageViewerDemo-Info.plist"; sourceTree = "<group>"; };
		FD89E2AF17CB99F000A41D91 /* en */ = {isa = PBXFileReference; lastKnownFileType = text.plist.strings; name = en; path = en.lproj/InfoPlist.strings; sourceTree = "<group>"; };
		FD89E2B117CB99F000A41D91 /* main.m */ = {isa = PBXFileReference; lastKnownFileType = sourcecode.c.objc; path = main.m; sourceTree = "<group>"; };
		FD89E2B317CB99F000A41D91 /* FSImageViewerDemo-Prefix.pch */ = {isa = PBXFileReference; lastKnownFileType = sourcecode.c.h; path = "FSImageViewerDemo-Prefix.pch"; sourceTree = "<group>"; };
		FD89E2B417CB99F000A41D91 /* FSAppDelegate.h */ = {isa = PBXFileReference; lastKnownFileType = sourcecode.c.h; path = FSAppDelegate.h; sourceTree = "<group>"; };
		FD89E2B517CB99F000A41D91 /* FSAppDelegate.m */ = {isa = PBXFileReference; lastKnownFileType = sourcecode.c.objc; path = FSAppDelegate.m; sourceTree = "<group>"; };
		FD89E2C017CB9A0700A41D91 /* FSImage.h */ = {isa = PBXFileReference; fileEncoding = 4; lastKnownFileType = sourcecode.c.h; path = FSImage.h; sourceTree = "<group>"; };
		FD89E2C117CB9A0700A41D91 /* FSImageLoader.h */ = {isa = PBXFileReference; fileEncoding = 4; lastKnownFileType = sourcecode.c.h; path = FSImageLoader.h; sourceTree = "<group>"; };
		FD89E2C217CB9A0700A41D91 /* FSImageLoader.m */ = {isa = PBXFileReference; fileEncoding = 4; lastKnownFileType = sourcecode.c.objc; path = FSImageLoader.m; sourceTree = "<group>"; };
		FD89E2C317CB9A0700A41D91 /* FSImageScrollView.h */ = {isa = PBXFileReference; fileEncoding = 4; lastKnownFileType = sourcecode.c.h; path = FSImageScrollView.h; sourceTree = "<group>"; };
		FD89E2C417CB9A0700A41D91 /* FSImageScrollView.m */ = {isa = PBXFileReference; fileEncoding = 4; lastKnownFileType = sourcecode.c.objc; path = FSImageScrollView.m; sourceTree = "<group>"; };
		FD89E2C517CB9A0700A41D91 /* FSImageSource.h */ = {isa = PBXFileReference; fileEncoding = 4; lastKnownFileType = sourcecode.c.h; path = FSImageSource.h; sourceTree = "<group>"; };
		FD89E2C617CB9A0700A41D91 /* FSImageTitleView.h */ = {isa = PBXFileReference; fileEncoding = 4; lastKnownFileType = sourcecode.c.h; path = FSImageTitleView.h; sourceTree = "<group>"; };
		FD89E2C717CB9A0700A41D91 /* FSImageTitleView.m */ = {isa = PBXFileReference; fileEncoding = 4; lastKnownFileType = sourcecode.c.objc; path = FSImageTitleView.m; sourceTree = "<group>"; };
		FD89E2C817CB9A0700A41D91 /* FSImageView.h */ = {isa = PBXFileReference; fileEncoding = 4; lastKnownFileType = sourcecode.c.h; path = FSImageView.h; sourceTree = "<group>"; };
		FD89E2C917CB9A0700A41D91 /* FSImageView.m */ = {isa = PBXFileReference; fileEncoding = 4; lastKnownFileType = sourcecode.c.objc; path = FSImageView.m; sourceTree = "<group>"; };
		FD89E2CE17CB9A0E00A41D91 /* FSImageViewerViewController.h */ = {isa = PBXFileReference; fileEncoding = 4; lastKnownFileType = sourcecode.c.h; path = FSImageViewerViewController.h; sourceTree = "<group>"; };
		FD89E2CF17CB9A0E00A41D91 /* FSImageViewerViewController.m */ = {isa = PBXFileReference; fileEncoding = 4; lastKnownFileType = sourcecode.c.objc; path = FSImageViewerViewController.m; sourceTree = "<group>"; };
		FD89E2D017CB9A0E00A41D91 /* FSPlaceholderImages.h */ = {isa = PBXFileReference; fileEncoding = 4; lastKnownFileType = sourcecode.c.h; path = FSPlaceholderImages.h; sourceTree = "<group>"; };
		FD89E2D117CB9A0E00A41D91 /* FSPlaceholderImages.m */ = {isa = PBXFileReference; fileEncoding = 4; lastKnownFileType = sourcecode.c.objc; path = FSPlaceholderImages.m; sourceTree = "<group>"; };
		FD89E2D817CB9A4400A41D91 /* FSDemoViewController.h */ = {isa = PBXFileReference; fileEncoding = 4; lastKnownFileType = sourcecode.c.h; path = FSDemoViewController.h; sourceTree = "<group>"; };
		FD89E2D917CB9A4400A41D91 /* FSDemoViewController.m */ = {isa = PBXFileReference; fileEncoding = 4; lastKnownFileType = sourcecode.c.objc; path = FSDemoViewController.m; sourceTree = "<group>"; };
		FD89E2DA17CB9A4400A41D91 /* FSDemoViewController.xib */ = {isa = PBXFileReference; fileEncoding = 4; lastKnownFileType = file.xib; path = FSDemoViewController.xib; sourceTree = "<group>"; };
		FD8B868B1BAD6F2400EA0D5D /* FSImageViewTests.m */ = {isa = PBXFileReference; fileEncoding = 4; lastKnownFileType = sourcecode.c.objc; path = FSImageViewTests.m; sourceTree = "<group>"; };
		FD8B868D1BAD97DC00EA0D5D /* Testimage.jpg */ = {isa = PBXFileReference; lastKnownFileType = image.jpeg; path = Testimage.jpg; sourceTree = "<group>"; };
		FD8B86901BAD986B00EA0D5D /* FSTestImageHelper.h */ = {isa = PBXFileReference; fileEncoding = 4; lastKnownFileType = sourcecode.c.h; path = FSTestImageHelper.h; sourceTree = "<group>"; };
		FD8B86911BAD986B00EA0D5D /* FSTestImageHelper.m */ = {isa = PBXFileReference; fileEncoding = 4; lastKnownFileType = sourcecode.c.objc; path = FSTestImageHelper.m; sourceTree = "<group>"; };
		FD8B86931BAD9C0B00EA0D5D /* FSBasicImageSourceTests.m */ = {isa = PBXFileReference; fileEncoding = 4; lastKnownFileType = sourcecode.c.objc; path = FSBasicImageSourceTests.m; sourceTree = "<group>"; };
		FDBD662E193B054F006D3BF6 /* FSImageViewerTests.xctest */ = {isa = PBXFileReference; explicitFileType = wrapper.cfbundle; includeInIndex = 0; path = FSImageViewerTests.xctest; sourceTree = BUILT_PRODUCTS_DIR; };
		FDBD662F193B054F006D3BF6 /* XCTest.framework */ = {isa = PBXFileReference; lastKnownFileType = wrapper.framework; name = XCTest.framework; path = Library/Frameworks/XCTest.framework; sourceTree = DEVELOPER_DIR; };
		FDBD6635193B054F006D3BF6 /* FSImageViewerTests-Info.plist */ = {isa = PBXFileReference; lastKnownFileType = text.plist.xml; path = "FSImageViewerTests-Info.plist"; sourceTree = "<group>"; };
		FDBD6637193B054F006D3BF6 /* en */ = {isa = PBXFileReference; lastKnownFileType = text.plist.strings; name = en; path = en.lproj/InfoPlist.strings; sourceTree = "<group>"; };
		FDBD6639193B054F006D3BF6 /* FSImageTitleViewTests.m */ = {isa = PBXFileReference; lastKnownFileType = sourcecode.c.objc; path = FSImageTitleViewTests.m; sourceTree = "<group>"; };
		FDBD663B193B054F006D3BF6 /* FSImageViewerTests-Prefix.pch */ = {isa = PBXFileReference; lastKnownFileType = sourcecode.c.h; path = "FSImageViewerTests-Prefix.pch"; sourceTree = "<group>"; };
		FDCB0B26193B956500F8B8A1 /* FSPlaceholderImagesTests.m */ = {isa = PBXFileReference; fileEncoding = 4; lastKnownFileType = sourcecode.c.objc; path = FSPlaceholderImagesTests.m; sourceTree = "<group>"; };
		FDD96CE117CB9ADC00B66931 /* FSImageViewer.h */ = {isa = PBXFileReference; fileEncoding = 4; lastKnownFileType = sourcecode.c.h; path = FSImageViewer.h; sourceTree = "<group>"; };
		FDD96CE517CB9B8000B66931 /* QuartzCore.framework */ = {isa = PBXFileReference; lastKnownFileType = wrapper.framework; name = QuartzCore.framework; path = System/Library/Frameworks/QuartzCore.framework; sourceTree = SDKROOT; };
		FDD96CE717CB9B8500B66931 /* Security.framework */ = {isa = PBXFileReference; lastKnownFileType = wrapper.framework; name = Security.framework; path = System/Library/Frameworks/Security.framework; sourceTree = SDKROOT; };
		FDD96CE917CB9B8800B66931 /* CFNetwork.framework */ = {isa = PBXFileReference; lastKnownFileType = wrapper.framework; name = CFNetwork.framework; path = System/Library/Frameworks/CFNetwork.framework; sourceTree = SDKROOT; };
/* End PBXFileReference section */

/* Begin PBXFrameworksBuildPhase section */
		FD89E28D17CB99D900A41D91 /* Frameworks */ = {
			isa = PBXFrameworksBuildPhase;
			buildActionMask = 2147483647;
			files = (
				FD89E29417CB99D900A41D91 /* Foundation.framework in Frameworks */,
				5AB0DA258592480FB4099411 /* libPods.a in Frameworks */,
			);
			runOnlyForDeploymentPostprocessing = 0;
		};
		FD89E2A217CB99F000A41D91 /* Frameworks */ = {
			isa = PBXFrameworksBuildPhase;
			buildActionMask = 2147483647;
			files = (
				FDD96CE417CB9B7400B66931 /* libFSImageViewer.a in Frameworks */,
				FDD96CEB17CB9B9000B66931 /* CFNetwork.framework in Frameworks */,
				FDD96CEC17CB9B9100B66931 /* Security.framework in Frameworks */,
				FDD96CED17CB9B9300B66931 /* QuartzCore.framework in Frameworks */,
				FD89E2A717CB99F000A41D91 /* UIKit.framework in Frameworks */,
				FD89E2A817CB99F000A41D91 /* Foundation.framework in Frameworks */,
				FD89E2AA17CB99F000A41D91 /* CoreGraphics.framework in Frameworks */,
			);
			runOnlyForDeploymentPostprocessing = 0;
		};
		FDBD662B193B054F006D3BF6 /* Frameworks */ = {
			isa = PBXFrameworksBuildPhase;
			buildActionMask = 2147483647;
			files = (
				FDBD6630193B054F006D3BF6 /* XCTest.framework in Frameworks */,
				FDBD6632193B054F006D3BF6 /* UIKit.framework in Frameworks */,
				FDBD6631193B054F006D3BF6 /* Foundation.framework in Frameworks */,
				69855A85F6C241808F6F609F /* libPods-FSImageViewerTests.a in Frameworks */,
			);
			runOnlyForDeploymentPostprocessing = 0;
		};
/* End PBXFrameworksBuildPhase section */

/* Begin PBXGroup section */
		09EB87C7BA5D8A556339C8D3 /* Pods */ = {
			isa = PBXGroup;
			children = (
				85A9CBC49B63FEB31F1448F5 /* Pods.debug.xcconfig */,
				2926F8C4CE2E738802DA8060 /* Pods.release.xcconfig */,
				F438121ACBFC9888194F99FE /* Pods-FSImageViewerTests.debug.xcconfig */,
				EAB987CD32B1D53A7F4A3B72 /* Pods-FSImageViewerTests.release.xcconfig */,
			);
			name = Pods;
			sourceTree = "<group>";
		};
		FD89E28717CB99D900A41D91 = {
			isa = PBXGroup;
			children = (
				FD89E29517CB99D900A41D91 /* FSImageViewer */,
				FD89E2AB17CB99F000A41D91 /* FSImageViewerDemo */,
				FDBD6633193B054F006D3BF6 /* FSImageViewerTests */,
				FD89E29217CB99D900A41D91 /* Frameworks */,
				FD89E29117CB99D900A41D91 /* Products */,
				09EB87C7BA5D8A556339C8D3 /* Pods */,
			);
			sourceTree = "<group>";
		};
		FD89E29117CB99D900A41D91 /* Products */ = {
			isa = PBXGroup;
			children = (
				FD89E29017CB99D900A41D91 /* libFSImageViewer.a */,
				FD89E2A517CB99F000A41D91 /* FSImageViewerDemo.app */,
				FDBD662E193B054F006D3BF6 /* FSImageViewerTests.xctest */,
			);
			name = Products;
			sourceTree = "<group>";
		};
		FD89E29217CB99D900A41D91 /* Frameworks */ = {
			isa = PBXGroup;
			children = (
				FDD96CE917CB9B8800B66931 /* CFNetwork.framework */,
				FDD96CE717CB9B8500B66931 /* Security.framework */,
				FDD96CE517CB9B8000B66931 /* QuartzCore.framework */,
				FD89E29317CB99D900A41D91 /* Foundation.framework */,
				FD89E2A617CB99F000A41D91 /* UIKit.framework */,
				FD89E2A917CB99F000A41D91 /* CoreGraphics.framework */,
				746D153768E9481F8194ECCE /* libPods.a */,
				FDBD662F193B054F006D3BF6 /* XCTest.framework */,
				3E4F4DB52EA04D489651AD23 /* libPods-FSImageViewerTests.a */,
			);
			name = Frameworks;
			sourceTree = "<group>";
		};
		FD89E29517CB99D900A41D91 /* FSImageViewer */ = {
			isa = PBXGroup;
			children = (
				FD0FEFBD17D781EF00470082 /* FSBasicImage.h */,
				FD0FEFBE17D781EF00470082 /* FSBasicImage.m */,
				FD0FEFB917D77F1C00470082 /* FSBasicImageSource.h */,
				FD0FEFBA17D77F1C00470082 /* FSBasicImageSource.m */,
				FD89E2C017CB9A0700A41D91 /* FSImage.h */,
				FD89E2C117CB9A0700A41D91 /* FSImageLoader.h */,
				FD89E2C217CB9A0700A41D91 /* FSImageLoader.m */,
				FD89E2C317CB9A0700A41D91 /* FSImageScrollView.h */,
				FD89E2C417CB9A0700A41D91 /* FSImageScrollView.m */,
				FD89E2C517CB9A0700A41D91 /* FSImageSource.h */,
				FD89E2C617CB9A0700A41D91 /* FSImageTitleView.h */,
				FD89E2C717CB9A0700A41D91 /* FSImageTitleView.m */,
				FD89E2C817CB9A0700A41D91 /* FSImageView.h */,
				FD89E2C917CB9A0700A41D91 /* FSImageView.m */,
				FD37CEBF181EBA5700606D81 /* FSImageViewer.bundle */,
				FDD96CE117CB9ADC00B66931 /* FSImageViewer.h */,
				FD89E2CE17CB9A0E00A41D91 /* FSImageViewerViewController.h */,
				FD89E2CF17CB9A0E00A41D91 /* FSImageViewerViewController.m */,
				FD89E2D017CB9A0E00A41D91 /* FSPlaceholderImages.h */,
				FD89E2D117CB9A0E00A41D91 /* FSPlaceholderImages.m */,
				589F82D818EDE791007F654A /* FSTitleView.h */,
				FD89E29617CB99D900A41D91 /* Supporting Files */,
			);
			path = FSImageViewer;
			sourceTree = "<group>";
		};
		FD89E29617CB99D900A41D91 /* Supporting Files */ = {
			isa = PBXGroup;
			children = (
				FD89E29717CB99D900A41D91 /* FSImageViewer-Prefix.pch */,
			);
			name = "Supporting Files";
			sourceTree = "<group>";
		};
		FD89E2AB17CB99F000A41D91 /* FSImageViewerDemo */ = {
			isa = PBXGroup;
			children = (
				FD89E2B417CB99F000A41D91 /* FSAppDelegate.h */,
				FD89E2B517CB99F000A41D91 /* FSAppDelegate.m */,
				FD89E2D817CB9A4400A41D91 /* FSDemoViewController.h */,
				FD89E2D917CB9A4400A41D91 /* FSDemoViewController.m */,
				FD89E2DA17CB9A4400A41D91 /* FSDemoViewController.xib */,
				53EF70261A9A38B9000FBFE2 /* Images.xcassets */,
				FD89E2AC17CB99F000A41D91 /* Supporting Files */,
			);
			path = FSImageViewerDemo;
			sourceTree = "<group>";
		};
		FD89E2AC17CB99F000A41D91 /* Supporting Files */ = {
			isa = PBXGroup;
			children = (
				FD89E2AD17CB99F000A41D91 /* FSImageViewerDemo-Info.plist */,
				FD89E2AE17CB99F000A41D91 /* InfoPlist.strings */,
				FD89E2B117CB99F000A41D91 /* main.m */,
				FD89E2B317CB99F000A41D91 /* FSImageViewerDemo-Prefix.pch */,
			);
			name = "Supporting Files";
			sourceTree = "<group>";
		};
		FD8B868F1BAD985600EA0D5D /* Helper */ = {
			isa = PBXGroup;
			children = (
				FD8B86901BAD986B00EA0D5D /* FSTestImageHelper.h */,
				FD8B86911BAD986B00EA0D5D /* FSTestImageHelper.m */,
			);
			name = Helper;
			sourceTree = "<group>";
		};
		FDBD6633193B054F006D3BF6 /* FSImageViewerTests */ = {
			isa = PBXGroup;
			children = (
				FD8B868F1BAD985600EA0D5D /* Helper */,
				FD8B86931BAD9C0B00EA0D5D /* FSBasicImageSourceTests.m */,
				FDBD6639193B054F006D3BF6 /* FSImageTitleViewTests.m */,
				FDCB0B26193B956500F8B8A1 /* FSPlaceholderImagesTests.m */,
				FD8B868B1BAD6F2400EA0D5D /* FSImageViewTests.m */,
				FD8B868D1BAD97DC00EA0D5D /* Testimage.jpg */,
				FDBD6634193B054F006D3BF6 /* Supporting Files */,
			);
			path = FSImageViewerTests;
			sourceTree = "<group>";
		};
		FDBD6634193B054F006D3BF6 /* Supporting Files */ = {
			isa = PBXGroup;
			children = (
				FDBD6635193B054F006D3BF6 /* FSImageViewerTests-Info.plist */,
				FDBD6636193B054F006D3BF6 /* InfoPlist.strings */,
				FDBD663B193B054F006D3BF6 /* FSImageViewerTests-Prefix.pch */,
			);
			name = "Supporting Files";
			sourceTree = "<group>";
		};
/* End PBXGroup section */

/* Begin PBXNativeTarget section */
		FD89E28F17CB99D900A41D91 /* FSImageViewer */ = {
			isa = PBXNativeTarget;
			buildConfigurationList = FD89E29E17CB99D900A41D91 /* Build configuration list for PBXNativeTarget "FSImageViewer" */;
			buildPhases = (
				668C822E290F479BBF42B716 /* Check Pods Manifest.lock */,
				FD89E28C17CB99D900A41D91 /* Sources */,
				FD89E28D17CB99D900A41D91 /* Frameworks */,
				FD89E28E17CB99D900A41D91 /* CopyFiles */,
				F7A857B1B6AA493B8B48C1BD /* Copy Pods Resources */,
			);
			buildRules = (
			);
			dependencies = (
			);
			name = FSImageViewer;
			productName = FSImageViewer;
			productReference = FD89E29017CB99D900A41D91 /* libFSImageViewer.a */;
			productType = "com.apple.product-type.library.static";
		};
		FD89E2A417CB99F000A41D91 /* FSImageViewerDemo */ = {
			isa = PBXNativeTarget;
			buildConfigurationList = FD89E2BD17CB99F000A41D91 /* Build configuration list for PBXNativeTarget "FSImageViewerDemo" */;
			buildPhases = (
				22672DA7B2433B000CF2AAD2 /* Check Pods Manifest.lock */,
				FD89E2A117CB99F000A41D91 /* Sources */,
				FD89E2A217CB99F000A41D91 /* Frameworks */,
				FD89E2A317CB99F000A41D91 /* Resources */,
				70F9CA2574253E876D355FA3 /* Copy Pods Resources */,
			);
			buildRules = (
			);
			dependencies = (
				FDD96CE317CB9B7000B66931 /* PBXTargetDependency */,
			);
			name = FSImageViewerDemo;
			productName = FSImageViewerDemo;
			productReference = FD89E2A517CB99F000A41D91 /* FSImageViewerDemo.app */;
			productType = "com.apple.product-type.application";
		};
		FDBD662D193B054F006D3BF6 /* FSImageViewerTests */ = {
			isa = PBXNativeTarget;
			buildConfigurationList = FDBD6640193B054F006D3BF6 /* Build configuration list for PBXNativeTarget "FSImageViewerTests" */;
			buildPhases = (
				E172C5EA369C4663AD247B30 /* Check Pods Manifest.lock */,
				FDBD662A193B054F006D3BF6 /* Sources */,
				FDBD662B193B054F006D3BF6 /* Frameworks */,
				FDBD662C193B054F006D3BF6 /* Resources */,
				E9DCDA9D0E3F44EB95291CBC /* Copy Pods Resources */,
			);
			buildRules = (
			);
			dependencies = (
				FDBD663D193B054F006D3BF6 /* PBXTargetDependency */,
				FDF817091BAC2C75001337B4 /* PBXTargetDependency */,
			);
			name = FSImageViewerTests;
			productName = FSImageViewerTests;
			productReference = FDBD662E193B054F006D3BF6 /* FSImageViewerTests.xctest */;
			productType = "com.apple.product-type.bundle.unit-test";
		};
/* End PBXNativeTarget section */

/* Begin PBXProject section */
		FD89E28817CB99D900A41D91 /* Project object */ = {
			isa = PBXProject;
			attributes = {
				LastUpgradeCheck = 0700;
				ORGANIZATIONNAME = "Felix Schulze";
				TargetAttributes = {
					FDBD662D193B054F006D3BF6 = {
						TestTargetID = FD89E2A417CB99F000A41D91;
					};
				};
			};
			buildConfigurationList = FD89E28B17CB99D900A41D91 /* Build configuration list for PBXProject "FSImageViewer" */;
			compatibilityVersion = "Xcode 3.2";
			developmentRegion = English;
			hasScannedForEncodings = 0;
			knownRegions = (
				en,
				de,
				it,
				es,
				fr,
				nl,
				ru,
			);
			mainGroup = FD89E28717CB99D900A41D91;
			productRefGroup = FD89E29117CB99D900A41D91 /* Products */;
			projectDirPath = "";
			projectRoot = "";
			targets = (
				FD89E28F17CB99D900A41D91 /* FSImageViewer */,
				FD89E2A417CB99F000A41D91 /* FSImageViewerDemo */,
				FDBD662D193B054F006D3BF6 /* FSImageViewerTests */,
			);
		};
/* End PBXProject section */

/* Begin PBXResourcesBuildPhase section */
		FD89E2A317CB99F000A41D91 /* Resources */ = {
			isa = PBXResourcesBuildPhase;
			buildActionMask = 2147483647;
			files = (
				FD89E2B017CB99F000A41D91 /* InfoPlist.strings in Resources */,
				53EF70271A9A38B9000FBFE2 /* Images.xcassets in Resources */,
				FD37CEC0181EBA5700606D81 /* FSImageViewer.bundle in Resources */,
				FD89E2DE17CB9A4400A41D91 /* FSDemoViewController.xib in Resources */,
			);
			runOnlyForDeploymentPostprocessing = 0;
		};
		FDBD662C193B054F006D3BF6 /* Resources */ = {
			isa = PBXResourcesBuildPhase;
			buildActionMask = 2147483647;
			files = (
				FDBD6638193B054F006D3BF6 /* InfoPlist.strings in Resources */,
				FD8B868E1BAD97DC00EA0D5D /* Testimage.jpg in Resources */,
			);
			runOnlyForDeploymentPostprocessing = 0;
		};
/* End PBXResourcesBuildPhase section */

/* Begin PBXShellScriptBuildPhase section */
		22672DA7B2433B000CF2AAD2 /* Check Pods Manifest.lock */ = {
			isa = PBXShellScriptBuildPhase;
			buildActionMask = 2147483647;
			files = (
			);
			inputPaths = (
			);
			name = "Check Pods Manifest.lock";
			outputPaths = (
			);
			runOnlyForDeploymentPostprocessing = 0;
			shellPath = /bin/sh;
			shellScript = "diff \"${PODS_ROOT}/../Podfile.lock\" \"${PODS_ROOT}/Manifest.lock\" > /dev/null\nif [[ $? != 0 ]] ; then\n    cat << EOM\nerror: The sandbox is not in sync with the Podfile.lock. Run 'pod install' or update your CocoaPods installation.\nEOM\n    exit 1\nfi\n";
			showEnvVarsInLog = 0;
		};
		668C822E290F479BBF42B716 /* Check Pods Manifest.lock */ = {
			isa = PBXShellScriptBuildPhase;
			buildActionMask = 2147483647;
			files = (
			);
			inputPaths = (
			);
			name = "Check Pods Manifest.lock";
			outputPaths = (
			);
			runOnlyForDeploymentPostprocessing = 0;
			shellPath = /bin/sh;
			shellScript = "diff \"${PODS_ROOT}/../Podfile.lock\" \"${PODS_ROOT}/Manifest.lock\" > /dev/null\nif [[ $? != 0 ]] ; then\n    cat << EOM\nerror: The sandbox is not in sync with the Podfile.lock. Run 'pod install' or update your CocoaPods installation.\nEOM\n    exit 1\nfi\n";
			showEnvVarsInLog = 0;
		};
		70F9CA2574253E876D355FA3 /* Copy Pods Resources */ = {
			isa = PBXShellScriptBuildPhase;
			buildActionMask = 2147483647;
			files = (
			);
			inputPaths = (
			);
			name = "Copy Pods Resources";
			outputPaths = (
			);
			runOnlyForDeploymentPostprocessing = 0;
			shellPath = /bin/sh;
			shellScript = "\"${SRCROOT}/Pods/Target Support Files/Pods/Pods-resources.sh\"\n";
			showEnvVarsInLog = 0;
		};
		E172C5EA369C4663AD247B30 /* Check Pods Manifest.lock */ = {
			isa = PBXShellScriptBuildPhase;
			buildActionMask = 2147483647;
			files = (
			);
			inputPaths = (
			);
			name = "Check Pods Manifest.lock";
			outputPaths = (
			);
			runOnlyForDeploymentPostprocessing = 0;
			shellPath = /bin/sh;
			shellScript = "diff \"${PODS_ROOT}/../Podfile.lock\" \"${PODS_ROOT}/Manifest.lock\" > /dev/null\nif [[ $? != 0 ]] ; then\n    cat << EOM\nerror: The sandbox is not in sync with the Podfile.lock. Run 'pod install' or update your CocoaPods installation.\nEOM\n    exit 1\nfi\n";
			showEnvVarsInLog = 0;
		};
		E9DCDA9D0E3F44EB95291CBC /* Copy Pods Resources */ = {
			isa = PBXShellScriptBuildPhase;
			buildActionMask = 2147483647;
			files = (
			);
			inputPaths = (
			);
			name = "Copy Pods Resources";
			outputPaths = (
			);
			runOnlyForDeploymentPostprocessing = 0;
			shellPath = /bin/sh;
			shellScript = "\"${SRCROOT}/Pods/Target Support Files/Pods-FSImageViewerTests/Pods-FSImageViewerTests-resources.sh\"\n";
			showEnvVarsInLog = 0;
		};
		F7A857B1B6AA493B8B48C1BD /* Copy Pods Resources */ = {
			isa = PBXShellScriptBuildPhase;
			buildActionMask = 2147483647;
			files = (
			);
			inputPaths = (
			);
			name = "Copy Pods Resources";
			outputPaths = (
			);
			runOnlyForDeploymentPostprocessing = 0;
			shellPath = /bin/sh;
			shellScript = "\"${SRCROOT}/Pods/Target Support Files/Pods/Pods-resources.sh\"\n";
			showEnvVarsInLog = 0;
		};
/* End PBXShellScriptBuildPhase section */

/* Begin PBXSourcesBuildPhase section */
		FD89E28C17CB99D900A41D91 /* Sources */ = {
			isa = PBXSourcesBuildPhase;
			buildActionMask = 2147483647;
			files = (
				FD89E2CA17CB9A0700A41D91 /* FSImageLoader.m in Sources */,
				FD89E2CB17CB9A0700A41D91 /* FSImageScrollView.m in Sources */,
				FD89E2CC17CB9A0700A41D91 /* FSImageTitleView.m in Sources */,
				FD89E2CD17CB9A0700A41D91 /* FSImageView.m in Sources */,
				FD89E2D217CB9A0E00A41D91 /* FSImageViewerViewController.m in Sources */,
				FD89E2D317CB9A0E00A41D91 /* FSPlaceholderImages.m in Sources */,
				FD0FEFBB17D77F1C00470082 /* FSBasicImageSource.m in Sources */,
				FD0FEFBF17D781EF00470082 /* FSBasicImage.m in Sources */,
			);
			runOnlyForDeploymentPostprocessing = 0;
		};
		FD89E2A117CB99F000A41D91 /* Sources */ = {
			isa = PBXSourcesBuildPhase;
			buildActionMask = 2147483647;
			files = (
				FD89E2B217CB99F000A41D91 /* main.m in Sources */,
				FD89E2B617CB99F000A41D91 /* FSAppDelegate.m in Sources */,
				FD89E2DD17CB9A4400A41D91 /* FSDemoViewController.m in Sources */,
			);
			runOnlyForDeploymentPostprocessing = 0;
		};
		FDBD662A193B054F006D3BF6 /* Sources */ = {
			isa = PBXSourcesBuildPhase;
			buildActionMask = 2147483647;
			files = (
				FDCB0B27193B956500F8B8A1 /* FSPlaceholderImagesTests.m in Sources */,
				FDBD663A193B054F006D3BF6 /* FSImageTitleViewTests.m in Sources */,
				FD8B86941BAD9C0B00EA0D5D /* FSBasicImageSourceTests.m in Sources */,
				FD8B86921BAD986B00EA0D5D /* FSTestImageHelper.m in Sources */,
				FD8B868C1BAD6F2400EA0D5D /* FSImageViewTests.m in Sources */,
			);
			runOnlyForDeploymentPostprocessing = 0;
		};
/* End PBXSourcesBuildPhase section */

/* Begin PBXTargetDependency section */
		FDBD663D193B054F006D3BF6 /* PBXTargetDependency */ = {
			isa = PBXTargetDependency;
			target = FD89E28F17CB99D900A41D91 /* FSImageViewer */;
			targetProxy = FDBD663C193B054F006D3BF6 /* PBXContainerItemProxy */;
		};
		FDD96CE317CB9B7000B66931 /* PBXTargetDependency */ = {
			isa = PBXTargetDependency;
			target = FD89E28F17CB99D900A41D91 /* FSImageViewer */;
			targetProxy = FDD96CE217CB9B7000B66931 /* PBXContainerItemProxy */;
		};
		FDF817091BAC2C75001337B4 /* PBXTargetDependency */ = {
			isa = PBXTargetDependency;
			target = FD89E2A417CB99F000A41D91 /* FSImageViewerDemo */;
			targetProxy = FDF817081BAC2C75001337B4 /* PBXContainerItemProxy */;
		};
/* End PBXTargetDependency section */

/* Begin PBXVariantGroup section */
		FD89E2AE17CB99F000A41D91 /* InfoPlist.strings */ = {
			isa = PBXVariantGroup;
			children = (
				FD89E2AF17CB99F000A41D91 /* en */,
				FD37CEC1181EBCDC00606D81 /* it */,
				FD37CEC2181EBCE000606D81 /* es */,
				FD37CEC3181EBCEC00606D81 /* fr */,
				FD37CEC4181EBCF400606D81 /* nl */,
				FD37CEC5181EC01700606D81 /* ru */,
				FD37CEC6181EC01E00606D81 /* de */,
			);
			name = InfoPlist.strings;
			sourceTree = "<group>";
		};
		FDBD6636193B054F006D3BF6 /* InfoPlist.strings */ = {
			isa = PBXVariantGroup;
			children = (
				FDBD6637193B054F006D3BF6 /* en */,
			);
			name = InfoPlist.strings;
			sourceTree = "<group>";
		};
/* End PBXVariantGroup section */

/* Begin XCBuildConfiguration section */
		FD89E29C17CB99D900A41D91 /* Debug */ = {
			isa = XCBuildConfiguration;
			buildSettings = {
				CLANG_ENABLE_OBJC_ARC = YES;
				CLANG_WARN_CONSTANT_CONVERSION = YES;
				CLANG_WARN_EMPTY_BODY = YES;
				CLANG_WARN_ENUM_CONVERSION = YES;
				CLANG_WARN_INT_CONVERSION = YES;
				CLANG_WARN__DUPLICATE_METHOD_MATCH = YES;
				COPY_PHASE_STRIP = NO;
				ENABLE_TESTABILITY = YES;
				GCC_DYNAMIC_NO_PIC = NO;
				GCC_OPTIMIZATION_LEVEL = 0;
				GCC_PREPROCESSOR_DEFINITIONS = (
					"DEBUG=1",
					"$(inherited)",
					"FB_REFERENCE_IMAGE_DIR=\"\\\"$(SOURCE_ROOT)/FSImageViewerTests/ReferenceImages\\\"\"",
				);
				GCC_SYMBOLS_PRIVATE_EXTERN = NO;
				GCC_TREAT_WARNINGS_AS_ERRORS = YES;
				GCC_WARN_64_TO_32_BIT_CONVERSION = YES;
				GCC_WARN_ABOUT_RETURN_TYPE = YES;
				GCC_WARN_UNINITIALIZED_AUTOS = YES;
				GCC_WARN_UNUSED_VARIABLE = YES;
				IPHONEOS_DEPLOYMENT_TARGET = 7.0;
				ONLY_ACTIVE_ARCH = YES;
				SDKROOT = iphoneos;
			};
			name = Debug;
		};
		FD89E29D17CB99D900A41D91 /* Release */ = {
			isa = XCBuildConfiguration;
			buildSettings = {
				CLANG_ENABLE_OBJC_ARC = YES;
				CLANG_WARN_CONSTANT_CONVERSION = YES;
				CLANG_WARN_EMPTY_BODY = YES;
				CLANG_WARN_ENUM_CONVERSION = YES;
				CLANG_WARN_INT_CONVERSION = YES;
				CLANG_WARN__DUPLICATE_METHOD_MATCH = YES;
				COPY_PHASE_STRIP = YES;
				GCC_TREAT_WARNINGS_AS_ERRORS = YES;
				GCC_WARN_64_TO_32_BIT_CONVERSION = YES;
				GCC_WARN_ABOUT_RETURN_TYPE = YES;
				GCC_WARN_UNINITIALIZED_AUTOS = YES;
				GCC_WARN_UNUSED_VARIABLE = YES;
				IPHONEOS_DEPLOYMENT_TARGET = 7.0;
				SDKROOT = iphoneos;
				VALIDATE_PRODUCT = YES;
			};
			name = Release;
		};
		FD89E29F17CB99D900A41D91 /* Debug */ = {
			isa = XCBuildConfiguration;
			baseConfigurationReference = 85A9CBC49B63FEB31F1448F5 /* Pods.debug.xcconfig */;
			buildSettings = {
				DSTROOT = /tmp/FSImageViewer.dst;
				GCC_PRECOMPILE_PREFIX_HEADER = YES;
				GCC_PREFIX_HEADER = "FSImageViewer/FSImageViewer-Prefix.pch";
				PRODUCT_NAME = "$(TARGET_NAME)";
				SKIP_INSTALL = YES;
			};
			name = Debug;
		};
		FD89E2A017CB99D900A41D91 /* Release */ = {
			isa = XCBuildConfiguration;
			baseConfigurationReference = 2926F8C4CE2E738802DA8060 /* Pods.release.xcconfig */;
			buildSettings = {
				DSTROOT = /tmp/FSImageViewer.dst;
				GCC_PRECOMPILE_PREFIX_HEADER = YES;
				GCC_PREFIX_HEADER = "FSImageViewer/FSImageViewer-Prefix.pch";
				PRODUCT_NAME = "$(TARGET_NAME)";
				SKIP_INSTALL = YES;
			};
			name = Release;
		};
		FD89E2BE17CB99F000A41D91 /* Debug */ = {
			isa = XCBuildConfiguration;
			baseConfigurationReference = 85A9CBC49B63FEB31F1448F5 /* Pods.debug.xcconfig */;
			buildSettings = {
				ASSETCATALOG_COMPILER_APPICON_NAME = AppIcon;
				ASSETCATALOG_COMPILER_LAUNCHIMAGE_NAME = LaunchImage;
				"CODE_SIGN_IDENTITY[sdk=iphoneos*]" = "iPhone Developer";
				GCC_PRECOMPILE_PREFIX_HEADER = YES;
				GCC_PREFIX_HEADER = "FSImageViewerDemo/FSImageViewerDemo-Prefix.pch";
				INFOPLIST_FILE = "FSImageViewerDemo/FSImageViewerDemo-Info.plist";
				PRODUCT_BUNDLE_IDENTIFIER = "de.felixschulze.${PRODUCT_NAME:rfc1034identifier}";
				PRODUCT_NAME = "$(TARGET_NAME)";
				TARGETED_DEVICE_FAMILY = "1,2";
				WRAPPER_EXTENSION = app;
			};
			name = Debug;
		};
		FD89E2BF17CB99F000A41D91 /* Release */ = {
			isa = XCBuildConfiguration;
			baseConfigurationReference = 2926F8C4CE2E738802DA8060 /* Pods.release.xcconfig */;
			buildSettings = {
				ASSETCATALOG_COMPILER_APPICON_NAME = AppIcon;
				ASSETCATALOG_COMPILER_LAUNCHIMAGE_NAME = LaunchImage;
				"CODE_SIGN_IDENTITY[sdk=iphoneos*]" = "iPhone Developer";
				GCC_PRECOMPILE_PREFIX_HEADER = YES;
				GCC_PREFIX_HEADER = "FSImageViewerDemo/FSImageViewerDemo-Prefix.pch";
				INFOPLIST_FILE = "FSImageViewerDemo/FSImageViewerDemo-Info.plist";
				OTHER_CFLAGS = "-DNS_BLOCK_ASSERTIONS=1";
				PRODUCT_BUNDLE_IDENTIFIER = "de.felixschulze.${PRODUCT_NAME:rfc1034identifier}";
				PRODUCT_NAME = "$(TARGET_NAME)";
				TARGETED_DEVICE_FAMILY = "1,2";
				WRAPPER_EXTENSION = app;
			};
			name = Release;
		};
		FDBD663E193B054F006D3BF6 /* Debug */ = {
			isa = XCBuildConfiguration;
			baseConfigurationReference = F438121ACBFC9888194F99FE /* Pods-FSImageViewerTests.debug.xcconfig */;
			buildSettings = {
				BUNDLE_LOADER = "$(TEST_HOST)";
				CLANG_ENABLE_MODULES = YES;
				CLANG_WARN_BOOL_CONVERSION = YES;
				CLANG_WARN_DIRECT_OBJC_ISA_USAGE = YES_ERROR;
				CLANG_WARN_OBJC_ROOT_CLASS = YES_ERROR;
				GCC_PRECOMPILE_PREFIX_HEADER = YES;
				GCC_PREFIX_HEADER = "FSImageViewerTests/FSImageViewerTests-Prefix.pch";
				GCC_PREPROCESSOR_DEFINITIONS = (
					"DEBUG=1",
					"$(inherited)",
				);
				GCC_TREAT_WARNINGS_AS_ERRORS = NO;
				GCC_WARN_ABOUT_RETURN_TYPE = YES_ERROR;
				GCC_WARN_UNDECLARED_SELECTOR = YES;
				GCC_WARN_UNINITIALIZED_AUTOS = YES_AGGRESSIVE;
				GCC_WARN_UNUSED_FUNCTION = YES;
				INFOPLIST_FILE = "FSImageViewerTests/FSImageViewerTests-Info.plist";
				PRODUCT_BUNDLE_IDENTIFIER = "de.felixschulze.${PRODUCT_NAME:rfc1034identifier}";
				PRODUCT_NAME = "$(TARGET_NAME)";
				TEST_HOST = "$(BUILT_PRODUCTS_DIR)/FSImageViewerDemo.app/FSImageViewerDemo";
				WRAPPER_EXTENSION = xctest;
			};
			name = Debug;
		};
		FDBD663F193B054F006D3BF6 /* Release */ = {
			isa = XCBuildConfiguration;
			baseConfigurationReference = EAB987CD32B1D53A7F4A3B72 /* Pods-FSImageViewerTests.release.xcconfig */;
			buildSettings = {
				BUNDLE_LOADER = "$(TEST_HOST)";
				CLANG_ENABLE_MODULES = YES;
				CLANG_WARN_BOOL_CONVERSION = YES;
				CLANG_WARN_DIRECT_OBJC_ISA_USAGE = YES_ERROR;
				CLANG_WARN_OBJC_ROOT_CLASS = YES_ERROR;
				ENABLE_NS_ASSERTIONS = NO;
				GCC_PRECOMPILE_PREFIX_HEADER = YES;
				GCC_PREFIX_HEADER = "FSImageViewerTests/FSImageViewerTests-Prefix.pch";
				GCC_TREAT_WARNINGS_AS_ERRORS = NO;
				GCC_WARN_ABOUT_RETURN_TYPE = YES_ERROR;
				GCC_WARN_UNDECLARED_SELECTOR = YES;
				GCC_WARN_UNINITIALIZED_AUTOS = YES_AGGRESSIVE;
				GCC_WARN_UNUSED_FUNCTION = YES;
				INFOPLIST_FILE = "FSImageViewerTests/FSImageViewerTests-Info.plist";
				PRODUCT_BUNDLE_IDENTIFIER = "de.felixschulze.${PRODUCT_NAME:rfc1034identifier}";
				PRODUCT_NAME = "$(TARGET_NAME)";
				TEST_HOST = "$(BUILT_PRODUCTS_DIR)/FSImageViewerDemo.app/FSImageViewerDemo";
				WRAPPER_EXTENSION = xctest;
			};
			name = Release;
		};
/* End XCBuildConfiguration section */

/* Begin XCConfigurationList section */
		FD89E28B17CB99D900A41D91 /* Build configuration list for PBXProject "FSImageViewer" */ = {
			isa = XCConfigurationList;
			buildConfigurations = (
				FD89E29C17CB99D900A41D91 /* Debug */,
				FD89E29D17CB99D900A41D91 /* Release */,
			);
			defaultConfigurationIsVisible = 0;
			defaultConfigurationName = Release;
		};
		FD89E29E17CB99D900A41D91 /* Build configuration list for PBXNativeTarget "FSImageViewer" */ = {
			isa = XCConfigurationList;
			buildConfigurations = (
				FD89E29F17CB99D900A41D91 /* Debug */,
				FD89E2A017CB99D900A41D91 /* Release */,
			);
			defaultConfigurationIsVisible = 0;
			defaultConfigurationName = Release;
		};
		FD89E2BD17CB99F000A41D91 /* Build configuration list for PBXNativeTarget "FSImageViewerDemo" */ = {
			isa = XCConfigurationList;
			buildConfigurations = (
				FD89E2BE17CB99F000A41D91 /* Debug */,
				FD89E2BF17CB99F000A41D91 /* Release */,
			);
			defaultConfigurationIsVisible = 0;
			defaultConfigurationName = Release;
		};
		FDBD6640193B054F006D3BF6 /* Build configuration list for PBXNativeTarget "FSImageViewerTests" */ = {
			isa = XCConfigurationList;
			buildConfigurations = (
				FDBD663E193B054F006D3BF6 /* Debug */,
				FDBD663F193B054F006D3BF6 /* Release */,
			);
			defaultConfigurationIsVisible = 0;
			defaultConfigurationName = Release;
		};
/* End XCConfigurationList section */
	};
	rootObject = FD89E28817CB99D900A41D91 /* Project object */;
}
