<?xml version="1.0" encoding="UTF-8"?>
<Scheme
   version = "1.3">
   <BuildAction>
      <BuildActionEntries>
         <BuildActionEntry
            buildForRunning = "YES">
            <BuildableReference
               BuildableIdentifier = "primary"
               BlueprintIdentifier = "FD89E2A417CB99F000A41D91"
               BuildableName = "FSImageViewerDemo.app"
               BlueprintName = "FSImageViewerDemo"
               ReferencedContainer = "container:FSImageViewer.xcodeproj">
            </BuildableReference>
         </BuildActionEntry>
      </BuildActionEntries>
   </BuildAction>
   <LaunchAction
      useCustomWorkingDirectory = "NO"
      buildConfiguration = "Debug">
      <BuildableProductRunnable>
         <BuildableReference
            BuildableIdentifier = "primary"
            BlueprintIdentifier = "FD89E2A417CB99F000A41D91"
            BuildableName = "FSImageViewerDemo.app"
            BlueprintName = "FSImageViewerDemo"
            ReferencedContainer = "container:FSImageViewer.xcodeproj">
         </BuildableReference>
      </BuildableProductRunnable>
   </LaunchAction>
</Scheme>
